// !$*UTF8*$!
{
	archiveVersion = 1;
	classes = {
	};
	objectVersion = 42;
	objects = {

/* Begin PBXBuildFile section */
		8D3FB55F0933E8CA001B2DE3 /* NSApplicationOPPreferenceSupport.h in Headers */ = {isa = PBXBuildFile; fileRef = F592BE77020DDC2801A80003 /* NSApplicationOPPreferenceSupport.h */; settings = {ATTRIBUTES = (Public, ); }; };
		8D3FB5600933E8CA001B2DE3 /* OPPreferenceController.h in Headers */ = {isa = PBXBuildFile; fileRef = F592BE79020DDC2801A80003 /* OPPreferenceController.h */; settings = {ATTRIBUTES = (Public, ); }; };
		8D3FB5610933E8CA001B2DE3 /* OPPreferencePane.h in Headers */ = {isa = PBXBuildFile; fileRef = F592BE7B020DDC2801A80003 /* OPPreferencePane.h */; settings = {ATTRIBUTES = (Public, ); }; };
		8D3FB5620933E8CA001B2DE3 /* OPPreferences.h in Headers */ = {isa = PBXBuildFile; fileRef = F592BE86020DDC9F01A80003 /* OPPreferences.h */; settings = {ATTRIBUTES = (Public, ); }; };
		8D3FB5640933E8CA001B2DE3 /* InfoPlist.strings in Resources */ = {isa = PBXBuildFile; fileRef = 089C1666FE841158C02AAC07 /* InfoPlist.strings */; };
		8D3FB5650933E8CA001B2DE3 /* OPDefaultPreference.tiff in Resources */ = {isa = PBXBuildFile; fileRef = F592BE8A020DDECA01A80003 /* OPDefaultPreference.tiff */; };
		8D3FB5670933E8CA001B2DE3 /* NSApplicationOPPreferenceSupport.m in Sources */ = {isa = PBXBuildFile; fileRef = F592BE78020DDC2801A80003 /* NSApplicationOPPreferenceSupport.m */; };
		8D3FB5680933E8CA001B2DE3 /* OPPreferenceController.m in Sources */ = {isa = PBXBuildFile; fileRef = F592BE7A020DDC2801A80003 /* OPPreferenceController.m */; };
		8D3FB5690933E8CA001B2DE3 /* OPPreferencePane.m in Sources */ = {isa = PBXBuildFile; fileRef = F592BE7C020DDC2801A80003 /* OPPreferencePane.m */; };
		8D3FB56B0933E8CA001B2DE3 /* Cocoa.framework in Frameworks */ = {isa = PBXBuildFile; fileRef = 1058C7B1FEA5585E11CA2CBB /* Cocoa.framework */; };
		8D3FB56C0933E8CA001B2DE3 /* PreferencePanes.framework in Frameworks */ = {isa = PBXBuildFile; fileRef = F592BE88020DDD6F01A80003 /* PreferencePanes.framework */; };
/* End PBXBuildFile section */

/* Begin PBXBuildStyle section */
		014CEA440018CDF011CA2923 /* Development */ = {
			isa = PBXBuildStyle;
			buildSettings = {
				COPY_PHASE_STRIP = NO;
				GCC_DYNAMIC_NO_PIC = NO;
				GCC_ENABLE_FIX_AND_CONTINUE = YES;
				GCC_GENERATE_DEBUGGING_SYMBOLS = YES;
				GCC_OPTIMIZATION_LEVEL = 0;
				INSTALL_PATH = "@executable_path/../Frameworks";
				OPTIMIZATION_CFLAGS = "-O0";
				ZERO_LINK = YES;
			};
			name = Development;
		};
		014CEA450018CDF011CA2923 /* Deployment */ = {
			isa = PBXBuildStyle;
			buildSettings = {
				COPY_PHASE_STRIP = YES;
				GCC_ENABLE_FIX_AND_CONTINUE = NO;
				ZERO_LINK = NO;
			};
			name = Deployment;
		};
		F51A6E6502C28CD401472672 /* Appwrapper Deployment */ = {
			isa = PBXBuildStyle;
			buildSettings = {
				COPY_PHASE_STRIP = YES;
				DEAD_CODE_STRIPPING = YES;
				DEPLOYMENT_POSTPROCESSING = YES;
				GCC_GENERATE_DEBUGGING_SYMBOLS = NO;
				GCC_MODEL_CPU = "";
				GCC_MODEL_TUNING = G4;
				GCC_OPTIMIZATION_LEVEL = 2;
				GCC_UNROLL_LOOPS = YES;
				INSTALL_PATH = "@executable_path/../Frameworks";
				OTHER_LDFLAGS = (
					"-seg1addr",
					0xb0150000,
				);
				SKIP_INSTALL = YES;
			};
			name = "Appwrapper Deployment";
		};
		F5F9FB2502C28B670109CA24 /* Appwrapper Development */ = {
			isa = PBXBuildStyle;
			buildSettings = {
				COPY_PHASE_STRIP = NO;
				GCC_GENERATE_DEBUGGING_SYMBOLS = YES;
				INSTALL_PATH = "@executable_path/../Frameworks";
				OPTIMIZATION_CFLAGS = "-O0";
				SKIP_INSTALL = YES;
			};
			name = "Appwrapper Development";
		};
/* End PBXBuildStyle section */

/* Begin PBXFileReference section */
		0867D69BFE84028FC02AAC07 /* Foundation.framework */ = {isa = PBXFileReference; lastKnownFileType = wrapper.framework; name = Foundation.framework; path = /System/Library/Frameworks/Foundation.framework; sourceTree = "<absolute>"; };
		0867D6A5FE840307C02AAC07 /* AppKit.framework */ = {isa = PBXFileReference; lastKnownFileType = wrapper.framework; name = AppKit.framework; path = /System/Library/Frameworks/AppKit.framework; sourceTree = "<absolute>"; };
		089C1667FE841158C02AAC07 /* English */ = {isa = PBXFileReference; fileEncoding = 10; lastKnownFileType = text.plist.strings; name = English; path = English.lproj/InfoPlist.strings; sourceTree = "<group>"; };
		1058C7B1FEA5585E11CA2CBB /* Cocoa.framework */ = {isa = PBXFileReference; lastKnownFileType = wrapper.framework; name = Cocoa.framework; path = /System/Library/Frameworks/Cocoa.framework; sourceTree = "<absolute>"; };
		8D3FB5740933E8CA001B2DE3 /* Info-OPPreferences__Upgraded_.plist */ = {isa = PBXFileReference; lastKnownFileType = text.xml; path = "Info-OPPreferences__Upgraded_.plist"; sourceTree = "<group>"; };
		8D3FB5750933E8CA001B2DE3 /* OPPreferences.framework */ = {isa = PBXFileReference; explicitFileType = wrapper.framework; includeInIndex = 0; path = OPPreferences.framework; sourceTree = BUILT_PRODUCTS_DIR; };
		F592BE77020DDC2801A80003 /* NSApplicationOPPreferenceSupport.h */ = {isa = PBXFileReference; fileEncoding = 30; lastKnownFileType = sourcecode.c.h; path = NSApplicationOPPreferenceSupport.h; sourceTree = "<group>"; };
		F592BE78020DDC2801A80003 /* NSApplicationOPPreferenceSupport.m */ = {isa = PBXFileReference; fileEncoding = 30; lastKnownFileType = sourcecode.c.objc; path = NSApplicationOPPreferenceSupport.m; sourceTree = "<group>"; };
		F592BE79020DDC2801A80003 /* OPPreferenceController.h */ = {isa = PBXFileReference; fileEncoding = 30; lastKnownFileType = sourcecode.c.h; path = OPPreferenceController.h; sourceTree = "<group>"; };
		F592BE7A020DDC2801A80003 /* OPPreferenceController.m */ = {isa = PBXFileReference; fileEncoding = 30; lastKnownFileType = sourcecode.c.objc; path = OPPreferenceController.m; sourceTree = "<group>"; };
		F592BE7B020DDC2801A80003 /* OPPreferencePane.h */ = {isa = PBXFileReference; fileEncoding = 30; lastKnownFileType = sourcecode.c.h; path = OPPreferencePane.h; sourceTree = "<group>"; };
		F592BE7C020DDC2801A80003 /* OPPreferencePane.m */ = {isa = PBXFileReference; fileEncoding = 30; lastKnownFileType = sourcecode.c.objc; path = OPPreferencePane.m; sourceTree = "<group>"; };
		F592BE86020DDC9F01A80003 /* OPPreferences.h */ = {isa = PBXFileReference; fileEncoding = 30; lastKnownFileType = sourcecode.c.h; path = OPPreferences.h; sourceTree = "<group>"; };
		F592BE88020DDD6F01A80003 /* PreferencePanes.framework */ = {isa = PBXFileReference; lastKnownFileType = wrapper.framework; name = PreferencePanes.framework; path = /System/Library/Frameworks/PreferencePanes.framework; sourceTree = "<absolute>"; };
		F592BE8A020DDECA01A80003 /* OPDefaultPreference.tiff */ = {isa = PBXFileReference; lastKnownFileType = image.tiff; path = OPDefaultPreference.tiff; sourceTree = "<group>"; };
/* End PBXFileReference section */

/* Begin PBXFrameworksBuildPhase section */
		8D3FB56A0933E8CA001B2DE3 /* Frameworks */ = {
			isa = PBXFrameworksBuildPhase;
			buildActionMask = 2147483647;
			files = (
				8D3FB56B0933E8CA001B2DE3 /* Cocoa.framework in Frameworks */,
				8D3FB56C0933E8CA001B2DE3 /* PreferencePanes.framework in Frameworks */,
			);
			runOnlyForDeploymentPostprocessing = 0;
		};
/* End PBXFrameworksBuildPhase section */

/* Begin PBXGroup section */
		034768DFFF38A50411DB9C8B /* Products */ = {
			isa = PBXGroup;
			children = (
				8D3FB5750933E8CA001B2DE3 /* OPPreferences.framework */,
			);
			name = Products;
			sourceTree = "<group>";
		};
		0867D691FE84028FC02AAC07 /* OPPreferences */ = {
			isa = PBXGroup;
			children = (
				08FB77AEFE84172EC02AAC07 /* Classes */,
				089C1665FE841158C02AAC07 /* Resources */,
				0867D69AFE84028FC02AAC07 /* External Frameworks and Libraries */,
				034768DFFF38A50411DB9C8B /* Products */,
				8D3FB5740933E8CA001B2DE3 /* Info-OPPreferences__Upgraded_.plist */,
			);
			name = OPPreferences;
			sourceTree = "<group>";
		};
		0867D69AFE84028FC02AAC07 /* External Frameworks and Libraries */ = {
			isa = PBXGroup;
			children = (
				1058C7B0FEA5585E11CA2CBB /* Linked Frameworks */,
				1058C7B2FEA5585E11CA2CBB /* Other Frameworks */,
			);
			name = "External Frameworks and Libraries";
			sourceTree = "<group>";
		};
		089C1665FE841158C02AAC07 /* Resources */ = {
			isa = PBXGroup;
			children = (
				089C1666FE841158C02AAC07 /* InfoPlist.strings */,
				F592BE8A020DDECA01A80003 /* OPDefaultPreference.tiff */,
			);
			name = Resources;
			sourceTree = "<group>";
		};
		08FB77AEFE84172EC02AAC07 /* Classes */ = {
			isa = PBXGroup;
			children = (
				F592BE77020DDC2801A80003 /* NSApplicationOPPreferenceSupport.h */,
				F592BE78020DDC2801A80003 /* NSApplicationOPPreferenceSupport.m */,
				F592BE79020DDC2801A80003 /* OPPreferenceController.h */,
				F592BE7A020DDC2801A80003 /* OPPreferenceController.m */,
				F592BE7B020DDC2801A80003 /* OPPreferencePane.h */,
				F592BE7C020DDC2801A80003 /* OPPreferencePane.m */,
				F592BE86020DDC9F01A80003 /* OPPreferences.h */,
			);
			name = Classes;
			sourceTree = "<group>";
		};
		1058C7B0FEA5585E11CA2CBB /* Linked Frameworks */ = {
			isa = PBXGroup;
			children = (
				F592BE88020DDD6F01A80003 /* PreferencePanes.framework */,
				1058C7B1FEA5585E11CA2CBB /* Cocoa.framework */,
			);
			name = "Linked Frameworks";
			sourceTree = "<group>";
		};
		1058C7B2FEA5585E11CA2CBB /* Other Frameworks */ = {
			isa = PBXGroup;
			children = (
				0867D69BFE84028FC02AAC07 /* Foundation.framework */,
				0867D6A5FE840307C02AAC07 /* AppKit.framework */,
			);
			name = "Other Frameworks";
			sourceTree = "<group>";
		};
/* End PBXGroup section */

/* Begin PBXHeadersBuildPhase section */
		8D3FB55E0933E8CA001B2DE3 /* Headers */ = {
			isa = PBXHeadersBuildPhase;
			buildActionMask = 2147483647;
			files = (
				8D3FB55F0933E8CA001B2DE3 /* NSApplicationOPPreferenceSupport.h in Headers */,
				8D3FB5600933E8CA001B2DE3 /* OPPreferenceController.h in Headers */,
				8D3FB5610933E8CA001B2DE3 /* OPPreferencePane.h in Headers */,
				8D3FB5620933E8CA001B2DE3 /* OPPreferences.h in Headers */,
			);
			runOnlyForDeploymentPostprocessing = 0;
		};
/* End PBXHeadersBuildPhase section */

/* Begin PBXNativeTarget section */
		8D3FB55D0933E8CA001B2DE3 /* OPPreferences */ = {
			isa = PBXNativeTarget;
			buildConfigurationList = 8D3FB56E0933E8CA001B2DE3 /* Build configuration list for PBXNativeTarget "OPPreferences" */;
			buildPhases = (
				8D3FB55E0933E8CA001B2DE3 /* Headers */,
				8D3FB5630933E8CA001B2DE3 /* Resources */,
				8D3FB5660933E8CA001B2DE3 /* Sources */,
				8D3FB56A0933E8CA001B2DE3 /* Frameworks */,
				8D3FB56D0933E8CA001B2DE3 /* Rez */,
			);
			buildRules = (
			);
			buildSettings = {
				DYLIB_COMPATIBILITY_VERSION = 2;
				DYLIB_CURRENT_VERSION = 2;
				FRAMEWORK_SEARCH_PATHS = "";
				FRAMEWORK_VERSION = A;
				HEADER_SEARCH_PATHS = "";
				INSTALL_PATH = $HOME/Library/Frameworks;
				LIBRARY_SEARCH_PATHS = "";
				OTHER_CFLAGS = "";
				OTHER_LDFLAGS = (
					"-seg1addr",
					0x36000000,
				);
				PREBINDING = YES;
				PRODUCT_NAME = OPPreferences;
				SECTORDER_FLAGS = "";
				WARNING_CFLAGS = (
					"-Wmost",
					"-Wno-four-char-constants",
					"-Wno-unknown-pragmas",
				);
				WRAPPER_EXTENSION = framework;
			};
			dependencies = (
			);
			name = OPPreferences;
			productInstallPath = $HOME/Library/Frameoworks;
			productName = OPPreferences;
			productReference = 8D3FB5750933E8CA001B2DE3 /* OPPreferences.framework */;
			productType = "com.apple.product-type.framework";
		};
/* End PBXNativeTarget section */

/* Begin PBXProject section */
		0867D690FE84028FC02AAC07 /* Project object */ = {
			isa = PBXProject;
			buildConfigurationList = 30C0C2DE085B4A6300133D2E /* Build configuration list for PBXProject "OPPreferences" */;
			buildSettings = {
				MACOSX_DEPLOYMENT_TARGET = 10.2;
				SDKROOT = /Developer/SDKs/MacOSX10.2.7.sdk;
			};
			buildStyles = (
				014CEA440018CDF011CA2923 /* Development */,
				014CEA450018CDF011CA2923 /* Deployment */,
				F5F9FB2502C28B670109CA24 /* Appwrapper Development */,
				F51A6E6502C28CD401472672 /* Appwrapper Deployment */,
			);
			hasScannedForEncodings = 1;
			knownRegions = (
				English,
				Japanese,
				French,
				German,
				Italian,
			);
			mainGroup = 0867D691FE84028FC02AAC07 /* OPPreferences */;
			productRefGroup = 034768DFFF38A50411DB9C8B /* Products */;
			projectDirPath = "";
			targets = (
				8D3FB55D0933E8CA001B2DE3 /* OPPreferences */,
			);
		};
/* End PBXProject section */

/* Begin PBXResourcesBuildPhase section */
		8D3FB5630933E8CA001B2DE3 /* Resources */ = {
			isa = PBXResourcesBuildPhase;
			buildActionMask = 2147483647;
			files = (
				8D3FB5640933E8CA001B2DE3 /* InfoPlist.strings in Resources */,
				8D3FB5650933E8CA001B2DE3 /* OPDefaultPreference.tiff in Resources */,
			);
			runOnlyForDeploymentPostprocessing = 0;
		};
/* End PBXResourcesBuildPhase section */

/* Begin PBXRezBuildPhase section */
		8D3FB56D0933E8CA001B2DE3 /* Rez */ = {
			isa = PBXRezBuildPhase;
			buildActionMask = 2147483647;
			files = (
			);
			runOnlyForDeploymentPostprocessing = 0;
		};
/* End PBXRezBuildPhase section */

/* Begin PBXSourcesBuildPhase section */
		8D3FB5660933E8CA001B2DE3 /* Sources */ = {
			isa = PBXSourcesBuildPhase;
			buildActionMask = 2147483647;
			files = (
				8D3FB5670933E8CA001B2DE3 /* NSApplicationOPPreferenceSupport.m in Sources */,
				8D3FB5680933E8CA001B2DE3 /* OPPreferenceController.m in Sources */,
				8D3FB5690933E8CA001B2DE3 /* OPPreferencePane.m in Sources */,
			);
			runOnlyForDeploymentPostprocessing = 0;
		};
/* End PBXSourcesBuildPhase section */

/* Begin PBXVariantGroup section */
		089C1666FE841158C02AAC07 /* InfoPlist.strings */ = {
			isa = PBXVariantGroup;
			children = (
				089C1667FE841158C02AAC07 /* English */,
			);
			name = InfoPlist.strings;
			sourceTree = "<group>";
		};
/* End PBXVariantGroup section */

/* Begin XCBuildConfiguration section */
		30C0C2DF085B4A6300133D2E /* Development */ = {
			isa = XCBuildConfiguration;
			buildSettings = {
				MACOSX_DEPLOYMENT_TARGET = 10.2;
				SDKROOT = /Developer/SDKs/MacOSX10.2.8.sdk;
			};
			name = Development;
		};
		30C0C2E0085B4A6300133D2E /* Deployment */ = {
			isa = XCBuildConfiguration;
			buildSettings = {
				MACOSX_DEPLOYMENT_TARGET = 10.2;
				SDKROOT = /Developer/SDKs/MacOSX10.2.8.sdk;
			};
			name = Deployment;
		};
		30C0C2E1085B4A6300133D2E /* Appwrapper Development */ = {
			isa = XCBuildConfiguration;
			buildSettings = {
				MACOSX_DEPLOYMENT_TARGET = 10.2;
				SDKROOT = /Developer/SDKs/MacOSX10.2.8.sdk;
			};
			name = "Appwrapper Development";
		};
		30C0C2E2085B4A6300133D2E /* Appwrapper Deployment */ = {
			isa = XCBuildConfiguration;
			buildSettings = {
				MACOSX_DEPLOYMENT_TARGET = 10.2;
				SDKROOT = /Developer/SDKs/MacOSX10.2.8.sdk;
			};
			name = "Appwrapper Deployment";
		};
		30C0C2E3085B4A6300133D2E /* Default */ = {
			isa = XCBuildConfiguration;
			buildSettings = {
				MACOSX_DEPLOYMENT_TARGET = 10.2;
				SDKROOT = /Developer/SDKs/MacOSX10.2.8.sdk;
			};
			name = Default;
		};
		8D3FB56F0933E8CA001B2DE3 /* Development */ = {
			isa = XCBuildConfiguration;
			buildSettings = {
				COPY_PHASE_STRIP = NO;
				DYLIB_COMPATIBILITY_VERSION = 2;
				DYLIB_CURRENT_VERSION = 2;
				FRAMEWORK_SEARCH_PATHS = "";
				FRAMEWORK_VERSION = A;
				GCC_DYNAMIC_NO_PIC = NO;
				GCC_ENABLE_FIX_AND_CONTINUE = YES;
				GCC_GENERATE_DEBUGGING_SYMBOLS = YES;
				GCC_OPTIMIZATION_LEVEL = 0;
				HEADER_SEARCH_PATHS = "";
				INFOPLIST_FILE = "Info-OPPreferences__Upgraded_.plist";
				INSTALL_PATH = "@executable_path/../Frameworks";
				LIBRARY_SEARCH_PATHS = "";
				OTHER_CFLAGS = "";
				OTHER_LDFLAGS = (
					"-seg1addr",
					0x36000000,
				);
				PREBINDING = YES;
				PRODUCT_NAME = OPPreferences;
				SECTORDER_FLAGS = "";
				WARNING_CFLAGS = (
					"-Wmost",
					"-Wno-four-char-constants",
					"-Wno-unknown-pragmas",
				);
				WRAPPER_EXTENSION = framework;
				ZERO_LINK = YES;
			};
			name = Development;
		};
		8D3FB5700933E8CA001B2DE3 /* Deployment */ = {
			isa = XCBuildConfiguration;
			buildSettings = {
				COPY_PHASE_STRIP = YES;
				DYLIB_COMPATIBILITY_VERSION = 2;
				DYLIB_CURRENT_VERSION = 2;
				FRAMEWORK_SEARCH_PATHS = "";
				FRAMEWORK_VERSION = A;
				GCC_ENABLE_FIX_AND_CONTINUE = NO;
				HEADER_SEARCH_PATHS = "";
				INFOPLIST_FILE = "Info-OPPreferences__Upgraded_.plist";
				INSTALL_PATH = $HOME/Library/Frameworks;
				LIBRARY_SEARCH_PATHS = "";
				OTHER_CFLAGS = "";
				OTHER_LDFLAGS = (
					"-seg1addr",
					0x36000000,
				);
				PREBINDING = YES;
				PRODUCT_NAME = OPPreferences;
				SECTORDER_FLAGS = "";
				WARNING_CFLAGS = (
					"-Wmost",
					"-Wno-four-char-constants",
					"-Wno-unknown-pragmas",
				);
				WRAPPER_EXTENSION = framework;
				ZERO_LINK = NO;
			};
			name = Deployment;
		};
		8D3FB5710933E8CA001B2DE3 /* Appwrapper Development */ = {
			isa = XCBuildConfiguration;
			buildSettings = {
				COPY_PHASE_STRIP = NO;
				DYLIB_COMPATIBILITY_VERSION = 2;
				DYLIB_CURRENT_VERSION = 2;
				FRAMEWORK_SEARCH_PATHS = "";
				FRAMEWORK_VERSION = A;
				GCC_GENERATE_DEBUGGING_SYMBOLS = YES;
				GCC_OPTIMIZATION_LEVEL = 0;
				HEADER_SEARCH_PATHS = "";
				INFOPLIST_FILE = "Info-OPPreferences__Upgraded_.plist";
				INSTALL_PATH = "@executable_path/../Frameworks";
				LIBRARY_SEARCH_PATHS = "";
				OTHER_CFLAGS = "";
				OTHER_LDFLAGS = (
					"-seg1addr",
					0x36000000,
				);
				PREBINDING = YES;
				PRODUCT_NAME = OPPreferences;
				SECTORDER_FLAGS = "";
				SKIP_INSTALL = YES;
				WARNING_CFLAGS = (
					"-Wmost",
					"-Wno-four-char-constants",
					"-Wno-unknown-pragmas",
				);
				WRAPPER_EXTENSION = framework;
			};
			name = "Appwrapper Development";
		};
		8D3FB5720933E8CA001B2DE3 /* Appwrapper Deployment */ = {
			isa = XCBuildConfiguration;
			buildSettings = {
				COPY_PHASE_STRIP = YES;
				DEAD_CODE_STRIPPING = YES;
				DEPLOYMENT_POSTPROCESSING = YES;
				DYLIB_COMPATIBILITY_VERSION = 2;
				DYLIB_CURRENT_VERSION = 2;
				FRAMEWORK_SEARCH_PATHS = "";
				FRAMEWORK_VERSION = A;
				GCC_GENERATE_DEBUGGING_SYMBOLS = NO;
				GCC_MODEL_CPU = "";
				GCC_MODEL_TUNING = G4;
				GCC_OPTIMIZATION_LEVEL = 2;
				GCC_UNROLL_LOOPS = YES;
				HEADER_SEARCH_PATHS = "";
				INFOPLIST_FILE = "Info-OPPreferences__Upgraded_.plist";
				INSTALL_PATH = "@executable_path/../Frameworks";
				LIBRARY_SEARCH_PATHS = "";
				OTHER_CFLAGS = "";
				OTHER_LDFLAGS = (
					"-seg1addr",
					0xb0150000,
				);
				PREBINDING = YES;
				PRODUCT_NAME = OPPreferences;
				SECTORDER_FLAGS = "";
				SKIP_INSTALL = YES;
				WARNING_CFLAGS = (
					"-Wmost",
					"-Wno-four-char-constants",
					"-Wno-unknown-pragmas",
				);
				WRAPPER_EXTENSION = framework;
			};
			name = "Appwrapper Deployment";
		};
		8D3FB5730933E8CA001B2DE3 /* Default */ = {
			isa = XCBuildConfiguration;
			buildSettings = {
				DYLIB_COMPATIBILITY_VERSION = 2;
				DYLIB_CURRENT_VERSION = 2;
				FRAMEWORK_SEARCH_PATHS = "";
				FRAMEWORK_VERSION = A;
				HEADER_SEARCH_PATHS = "";
				INFOPLIST_FILE = "Info-OPPreferences__Upgraded_.plist";
				INSTALL_PATH = $HOME/Library/Frameworks;
				LIBRARY_SEARCH_PATHS = "";
				OTHER_CFLAGS = "";
				OTHER_LDFLAGS = (
					"-seg1addr",
					0x36000000,
				);
				PREBINDING = YES;
				PRODUCT_NAME = OPPreferences;
				SECTORDER_FLAGS = "";
				WARNING_CFLAGS = (
					"-Wmost",
					"-Wno-four-char-constants",
					"-Wno-unknown-pragmas",
				);
				WRAPPER_EXTENSION = framework;
			};
			name = Default;
		};
/* End XCBuildConfiguration section */

/* Begin XCConfigurationList section */
		30C0C2DE085B4A6300133D2E /* Build configuration list for PBXProject "OPPreferences" */ = {
			isa = XCConfigurationList;
			buildConfigurations = (
				30C0C2DF085B4A6300133D2E /* Development */,
				30C0C2E0085B4A6300133D2E /* Deployment */,
				30C0C2E1085B4A6300133D2E /* Appwrapper Development */,
				30C0C2E2085B4A6300133D2E /* Appwrapper Deployment */,
				30C0C2E3085B4A6300133D2E /* Default */,
			);
			defaultConfigurationIsVisible = 0;
			defaultConfigurationName = Default;
		};
		8D3FB56E0933E8CA001B2DE3 /* Build configuration list for PBXNativeTarget "OPPreferences" */ = {
			isa = XCConfigurationList;
			buildConfigurations = (
				8D3FB56F0933E8CA001B2DE3 /* Development */,
				8D3FB5700933E8CA001B2DE3 /* Deployment */,
				8D3FB5710933E8CA001B2DE3 /* Appwrapper Development */,
				8D3FB5720933E8CA001B2DE3 /* Appwrapper Deployment */,
				8D3FB5730933E8CA001B2DE3 /* Default */,
			);
			defaultConfigurationIsVisible = 0;
			defaultConfigurationName = Default;
		};
/* End XCConfigurationList section */
	};
	rootObject = 0867D690FE84028FC02AAC07 /* Project object */;
}
