// !$*UTF8*$!
{
	archiveVersion = 1;
	classes = {
	};
	objectVersion = 44;
	objects = {

/* Begin PBXBuildFile section */
		7702EC870D04773F00D0D506 /* TestOPXFolderContentCoder.m in Sources */ = {isa = PBXBuildFile; fileRef = 77B6C5B40D00546B00A7BEFF /* TestOPXFolderContentCoder.m */; };
		7708F07B0D0DB6CA008A4A2B /* ActivePrefPanes.plist in Resources */ = {isa = PBXBuildFile; fileRef = 7708F07A0D0DB6CA008A4A2B /* ActivePrefPanes.plist */; };
		7708F0C10D0DB8CD008A4A2B /* GIGeneralPrefs.m in Sources */ = {isa = PBXBuildFile; fileRef = 7708F0BF0D0DB8CD008A4A2B /* GIGeneralPrefs.m */; };
		7708F0D30D0DB9AE008A4A2B /* GIUserDefaultsKeys.m in Sources */ = {isa = PBXBuildFile; fileRef = 7708F0D20D0DB9AE008A4A2B /* GIUserDefaultsKeys.m */; };
		7708F11D0D0E8DDA008A4A2B /* DefaultEmailApp.xib in Resources */ = {isa = PBXBuildFile; fileRef = 7708F11C0D0E8DDA008A4A2B /* DefaultEmailApp.xib */; };
		7713AB4D0D0E97A300CBEC7B /* Localizable.strings in Resources */ = {isa = PBXBuildFile; fileRef = 7713AB4C0D0E97A300CBEC7B /* Localizable.strings */; };
		7713AB530D0E983200CBEC7B /* GIGeneralPrefs.xib in Resources */ = {isa = PBXBuildFile; fileRef = 7713AB520D0E983200CBEC7B /* GIGeneralPrefs.xib */; };
		7759A8770D02E39800AD49CA /* OPNetwork.framework in Frameworks */ = {isa = PBXBuildFile; fileRef = 7759A8760D02E39800AD49CA /* OPNetwork.framework */; };
		775C30FC0D0D40620098DA07 /* OPPreferences.framework in Frameworks */ = {isa = PBXBuildFile; fileRef = 775C30FB0D0D40620098DA07 /* OPPreferences.framework */; };
		775C31130D0D40EA0098DA07 /* OPPreferences.framework in Copy Frameworks */ = {isa = PBXBuildFile; fileRef = 775C30FB0D0D40620098DA07 /* OPPreferences.framework */; };
		775C31140D0D40EA0098DA07 /* OPNetwork.framework in Copy Frameworks */ = {isa = PBXBuildFile; fileRef = 7759A8760D02E39800AD49CA /* OPNetwork.framework */; };
		775C31310D0D46280098DA07 /* GIApplication.m in Sources */ = {isa = PBXBuildFile; fileRef = 775C31300D0D46280098DA07 /* GIApplication.m */; };
		7761D97A0D02FB8B0044E65A /* InternetMessage.framework in Frameworks */ = {isa = PBXBuildFile; fileRef = 7761D9780D02FB8B0044E65A /* InternetMessage.framework */; };
		7761D9AE0D02FF040044E65A /* TestEDTextFieldCoder.m in Sources */ = {isa = PBXBuildFile; fileRef = 77B6C5B00D00546B00A7BEFF /* TestEDTextFieldCoder.m */; };
		7761D9B30D02FF170044E65A /* TestOPMultimediaContentCoder.m in Sources */ = {isa = PBXBuildFile; fileRef = 77B6C5B60D00546B00A7BEFF /* TestOPMultimediaContentCoder.m */; };
		7761D9BF0D02FF6E0044E65A /* TestEDCompositeContentCoder.m in Sources */ = {isa = PBXBuildFile; fileRef = 77B6C5BE0D00546B00A7BEFF /* TestEDCompositeContentCoder.m */; };
		7761D9D00D0300E50044E65A /* MIME.plist in Resources */ = {isa = PBXBuildFile; fileRef = 7761D9CF0D0300E50044E65A /* MIME.plist */; };
		7761DADA0D0318D60044E65A /* TestOPAppleDoubleContentCoder.m in Sources */ = {isa = PBXBuildFile; fileRef = 77B6C5B80D00546B00A7BEFF /* TestOPAppleDoubleContentCoder.m */; };
		777B05CC0D031DE40080B76F /* InternetMessage.framework in Frameworks */ = {isa = PBXBuildFile; fileRef = 777B05CB0D031DE40080B76F /* InternetMessage.framework */; };
		777B061B0D0320C80080B76F /* MailIcon_queue.tiff in Resources */ = {isa = PBXBuildFile; fileRef = 777B061A0D0320C80080B76F /* MailIcon_queue.tiff */; };
		778078000D0705F70091F21D /* schema.xml in Resources */ = {isa = PBXBuildFile; fileRef = 778077FF0D0705F70091F21D /* schema.xml */; };
		778078040D07065C0091F21D /* schema.strings in Resources */ = {isa = PBXBuildFile; fileRef = 778078020D07065C0091F21D /* schema.strings */; };
		778078390D070AAA0091F21D /* main.c in Sources */ = {isa = PBXBuildFile; fileRef = 778077FD0D0705D20091F21D /* main.c */; };
		7780783B0D070AC50091F21D /* GetMetadataForFile.c in Sources */ = {isa = PBXBuildFile; fileRef = 778077FB0D0705830091F21D /* GetMetadataForFile.c */; };
		7780785A0D070BD20091F21D /* CoreFoundation.framework in Frameworks */ = {isa = PBXBuildFile; fileRef = 7780780E0D0707DC0091F21D /* CoreFoundation.framework */; };
		7780785B0D070BD30091F21D /* CoreServices.framework in Frameworks */ = {isa = PBXBuildFile; fileRef = 7780780F0D0707DC0091F21D /* CoreServices.framework */; };
		77B6C5FC0D00546B00A7BEFF /* EDCompositeContentCoder.h in Headers */ = {isa = PBXBuildFile; fileRef = 77B6C5BF0D00546B00A7BEFF /* EDCompositeContentCoder.h */; };
		77B6C5FD0D00546B00A7BEFF /* EDCompositeContentCoder.m in Sources */ = {isa = PBXBuildFile; fileRef = 77B6C5C00D00546B00A7BEFF /* EDCompositeContentCoder.m */; };
		77B6C5FE0D00546B00A7BEFF /* EDContentCoder.h in Headers */ = {isa = PBXBuildFile; fileRef = 77B6C5C10D00546B00A7BEFF /* EDContentCoder.h */; };
		77B6C5FF0D00546B00A7BEFF /* EDContentCoder.m in Sources */ = {isa = PBXBuildFile; fileRef = 77B6C5C20D00546B00A7BEFF /* EDContentCoder.m */; };
		77B6C6000D00546B00A7BEFF /* EDDateFieldCoder.h in Headers */ = {isa = PBXBuildFile; fileRef = 77B6C5C30D00546B00A7BEFF /* EDDateFieldCoder.h */; };
		77B6C6010D00546B00A7BEFF /* EDDateFieldCoder.m in Sources */ = {isa = PBXBuildFile; fileRef = 77B6C5C40D00546B00A7BEFF /* EDDateFieldCoder.m */; };
		77B6C6020D00546B00A7BEFF /* EDEntityFieldCoder.h in Headers */ = {isa = PBXBuildFile; fileRef = 77B6C5C50D00546B00A7BEFF /* EDEntityFieldCoder.h */; };
		77B6C6030D00546B00A7BEFF /* EDEntityFieldCoder.m in Sources */ = {isa = PBXBuildFile; fileRef = 77B6C5C60D00546B00A7BEFF /* EDEntityFieldCoder.m */; };
		77B6C6040D00546B00A7BEFF /* EDHeaderBearingObject.h in Headers */ = {isa = PBXBuildFile; fileRef = 77B6C5C70D00546B00A7BEFF /* EDHeaderBearingObject.h */; };
		77B6C6050D00546B00A7BEFF /* EDHeaderBearingObject.m in Sources */ = {isa = PBXBuildFile; fileRef = 77B6C5C80D00546B00A7BEFF /* EDHeaderBearingObject.m */; };
		77B6C6060D00546B00A7BEFF /* EDHeaderFieldCoder.h in Headers */ = {isa = PBXBuildFile; fileRef = 77B6C5C90D00546B00A7BEFF /* EDHeaderFieldCoder.h */; };
		77B6C6070D00546B00A7BEFF /* EDHeaderFieldCoder.m in Sources */ = {isa = PBXBuildFile; fileRef = 77B6C5CA0D00546B00A7BEFF /* EDHeaderFieldCoder.m */; };
		77B6C6080D00546B00A7BEFF /* EDIdListFieldCoder.h in Headers */ = {isa = PBXBuildFile; fileRef = 77B6C5CB0D00546B00A7BEFF /* EDIdListFieldCoder.h */; };
		77B6C6090D00546B00A7BEFF /* EDIdListFieldCoder.m in Sources */ = {isa = PBXBuildFile; fileRef = 77B6C5CC0D00546B00A7BEFF /* EDIdListFieldCoder.m */; };
		77B6C60A0D00546B00A7BEFF /* EDMessagePart+OPExtensions.h in Headers */ = {isa = PBXBuildFile; fileRef = 77B6C5CD0D00546B00A7BEFF /* EDMessagePart+OPExtensions.h */; };
		77B6C60B0D00546B00A7BEFF /* EDMessagePart+OPExtensions.m in Sources */ = {isa = PBXBuildFile; fileRef = 77B6C5CE0D00546B00A7BEFF /* EDMessagePart+OPExtensions.m */; };
		77B6C60C0D00546B00A7BEFF /* EDMessagePart.h in Headers */ = {isa = PBXBuildFile; fileRef = 77B6C5CF0D00546B00A7BEFF /* EDMessagePart.h */; };
		77B6C60D0D00546B00A7BEFF /* EDMessagePart.m in Sources */ = {isa = PBXBuildFile; fileRef = 77B6C5D00D00546B00A7BEFF /* EDMessagePart.m */; };
		77B6C60E0D00546B00A7BEFF /* EDPlainTextContentCoder.h in Headers */ = {isa = PBXBuildFile; fileRef = 77B6C5D10D00546B00A7BEFF /* EDPlainTextContentCoder.h */; };
		77B6C60F0D00546B00A7BEFF /* EDPlainTextContentCoder.m in Sources */ = {isa = PBXBuildFile; fileRef = 77B6C5D20D00546B00A7BEFF /* EDPlainTextContentCoder.m */; };
		77B6C6100D00546B00A7BEFF /* EDTextContentCoder.h in Headers */ = {isa = PBXBuildFile; fileRef = 77B6C5D30D00546B00A7BEFF /* EDTextContentCoder.h */; };
		77B6C6110D00546B00A7BEFF /* EDTextContentCoder.m in Sources */ = {isa = PBXBuildFile; fileRef = 77B6C5D40D00546B00A7BEFF /* EDTextContentCoder.m */; };
		77B6C6120D00546B00A7BEFF /* EDTextFieldCoder.h in Headers */ = {isa = PBXBuildFile; fileRef = 77B6C5D50D00546B00A7BEFF /* EDTextFieldCoder.h */; };
		77B6C6130D00546B00A7BEFF /* EDTextFieldCoder.m in Sources */ = {isa = PBXBuildFile; fileRef = 77B6C5D60D00546B00A7BEFF /* EDTextFieldCoder.m */; };
		77B6C6140D00546B00A7BEFF /* NSAttributedString+MessageUtils.h in Headers */ = {isa = PBXBuildFile; fileRef = 77B6C5D70D00546B00A7BEFF /* NSAttributedString+MessageUtils.h */; };
		77B6C6150D00546B00A7BEFF /* NSAttributedString+MessageUtils.m in Sources */ = {isa = PBXBuildFile; fileRef = 77B6C5D80D00546B00A7BEFF /* NSAttributedString+MessageUtils.m */; };
		77B6C6160D00546B00A7BEFF /* NSCalendarDate+NetExt.h in Headers */ = {isa = PBXBuildFile; fileRef = 77B6C5D90D00546B00A7BEFF /* NSCalendarDate+NetExt.h */; };
		77B6C6170D00546B00A7BEFF /* NSCalendarDate+NetExt.m in Sources */ = {isa = PBXBuildFile; fileRef = 77B6C5DA0D00546B00A7BEFF /* NSCalendarDate+NetExt.m */; };
		77B6C6180D00546B00A7BEFF /* NSCharacterSet+MIME.h in Headers */ = {isa = PBXBuildFile; fileRef = 77B6C5DB0D00546B00A7BEFF /* NSCharacterSet+MIME.h */; };
		77B6C6190D00546B00A7BEFF /* NSCharacterSet+MIME.m in Sources */ = {isa = PBXBuildFile; fileRef = 77B6C5DC0D00546B00A7BEFF /* NSCharacterSet+MIME.m */; };
		77B6C61A0D00546B00A7BEFF /* NSData+MessageUtils.h in Headers */ = {isa = PBXBuildFile; fileRef = 77B6C5DD0D00546B00A7BEFF /* NSData+MessageUtils.h */; };
		77B6C61B0D00546B00A7BEFF /* NSData+MessageUtils.m in Sources */ = {isa = PBXBuildFile; fileRef = 77B6C5DE0D00546B00A7BEFF /* NSData+MessageUtils.m */; };
		77B6C61C0D00546B00A7BEFF /* NSFileWrapper+OPApplefileExtensions.h in Headers */ = {isa = PBXBuildFile; fileRef = 77B6C5DF0D00546B00A7BEFF /* NSFileWrapper+OPApplefileExtensions.h */; };
		77B6C61D0D00546B00A7BEFF /* NSFileWrapper+OPApplefileExtensions.m in Sources */ = {isa = PBXBuildFile; fileRef = 77B6C5E00D00546B00A7BEFF /* NSFileWrapper+OPApplefileExtensions.m */; };
		77B6C61E0D00546B00A7BEFF /* NSString+MessageUtils.h in Headers */ = {isa = PBXBuildFile; fileRef = 77B6C5E10D00546B00A7BEFF /* NSString+MessageUtils.h */; };
		77B6C61F0D00546B00A7BEFF /* NSString+MessageUtils.m in Sources */ = {isa = PBXBuildFile; fileRef = 77B6C5E20D00546B00A7BEFF /* NSString+MessageUtils.m */; };
		77B6C6200D00546B00A7BEFF /* OPAppleDoubleContentCoder.h in Headers */ = {isa = PBXBuildFile; fileRef = 77B6C5E30D00546B00A7BEFF /* OPAppleDoubleContentCoder.h */; };
		77B6C6210D00546B00A7BEFF /* OPAppleDoubleContentCoder.m in Sources */ = {isa = PBXBuildFile; fileRef = 77B6C5E40D00546B00A7BEFF /* OPAppleDoubleContentCoder.m */; };
		77B6C6220D00546B00A7BEFF /* OPApplefileContentCoder.h in Headers */ = {isa = PBXBuildFile; fileRef = 77B6C5E50D00546B00A7BEFF /* OPApplefileContentCoder.h */; };
		77B6C6230D00546B00A7BEFF /* OPApplefileContentCoder.m in Sources */ = {isa = PBXBuildFile; fileRef = 77B6C5E60D00546B00A7BEFF /* OPApplefileContentCoder.m */; };
		77B6C62A0D00548100A7BEFF /* OPInternetMessage+GinkoExtensions.h in Headers */ = {isa = PBXBuildFile; fileRef = 77B6C6240D00548000A7BEFF /* OPInternetMessage+GinkoExtensions.h */; };
		77B6C62B0D00548100A7BEFF /* OPInternetMessage+GinkoExtensions.m in Sources */ = {isa = PBXBuildFile; fileRef = 77B6C6250D00548000A7BEFF /* OPInternetMessage+GinkoExtensions.m */; };
		77B6C62C0D00548100A7BEFF /* OPInternetMessage.h in Headers */ = {isa = PBXBuildFile; fileRef = 77B6C6260D00548000A7BEFF /* OPInternetMessage.h */; };
		77B6C62D0D00548100A7BEFF /* OPInternetMessage.m in Sources */ = {isa = PBXBuildFile; fileRef = 77B6C6270D00548000A7BEFF /* OPInternetMessage.m */; };
		77B6C62E0D00548100A7BEFF /* OPMBoxFile.h in Headers */ = {isa = PBXBuildFile; fileRef = 77B6C6280D00548100A7BEFF /* OPMBoxFile.h */; };
		77B6C62F0D00548100A7BEFF /* OPMBoxFile.m in Sources */ = {isa = PBXBuildFile; fileRef = 77B6C6290D00548100A7BEFF /* OPMBoxFile.m */; };
		77B6C63E0D00548C00A7BEFF /* OPMultimediaContentCoder.h in Headers */ = {isa = PBXBuildFile; fileRef = 77B6C6300D00548C00A7BEFF /* OPMultimediaContentCoder.h */; };
		77B6C63F0D00548C00A7BEFF /* OPMultimediaContentCoder.m in Sources */ = {isa = PBXBuildFile; fileRef = 77B6C6310D00548C00A7BEFF /* OPMultimediaContentCoder.m */; };
		77B6C6400D00548C00A7BEFF /* OPMultipartContentCoder.h in Headers */ = {isa = PBXBuildFile; fileRef = 77B6C6320D00548C00A7BEFF /* OPMultipartContentCoder.h */; };
		77B6C6410D00548C00A7BEFF /* OPMultipartContentCoder.m in Sources */ = {isa = PBXBuildFile; fileRef = 77B6C6330D00548C00A7BEFF /* OPMultipartContentCoder.m */; };
		77B6C6420D00548C00A7BEFF /* OPPOP3Session.h in Headers */ = {isa = PBXBuildFile; fileRef = 77B6C6340D00548C00A7BEFF /* OPPOP3Session.h */; };
		77B6C6430D00548C00A7BEFF /* OPPOP3Session.m in Sources */ = {isa = PBXBuildFile; fileRef = 77B6C6350D00548C00A7BEFF /* OPPOP3Session.m */; };
		77B6C6440D00548C00A7BEFF /* OPSMTP.h in Headers */ = {isa = PBXBuildFile; fileRef = 77B6C6360D00548C00A7BEFF /* OPSMTP.h */; };
		77B6C6450D00548C00A7BEFF /* OPSMTP.m in Sources */ = {isa = PBXBuildFile; fileRef = 77B6C6370D00548C00A7BEFF /* OPSMTP.m */; };
		77B6C6460D00548C00A7BEFF /* OPSMTP+InternetMessage.h in Headers */ = {isa = PBXBuildFile; fileRef = 77B6C6380D00548C00A7BEFF /* OPSMTP+InternetMessage.h */; };
		77B6C6470D00548C00A7BEFF /* OPSMTP+InternetMessage.m in Sources */ = {isa = PBXBuildFile; fileRef = 77B6C6390D00548C00A7BEFF /* OPSMTP+InternetMessage.m */; };
		77B6C6480D00548C00A7BEFF /* OPURLFieldCoder.h in Headers */ = {isa = PBXBuildFile; fileRef = 77B6C63A0D00548C00A7BEFF /* OPURLFieldCoder.h */; };
		77B6C6490D00548C00A7BEFF /* OPURLFieldCoder.m in Sources */ = {isa = PBXBuildFile; fileRef = 77B6C63B0D00548C00A7BEFF /* OPURLFieldCoder.m */; };
		77B6C64A0D00548C00A7BEFF /* OPXFolderContentCoder.h in Headers */ = {isa = PBXBuildFile; fileRef = 77B6C63C0D00548C00A7BEFF /* OPXFolderContentCoder.h */; };
		77B6C64B0D00548C00A7BEFF /* OPXFolderContentCoder.m in Sources */ = {isa = PBXBuildFile; fileRef = 77B6C63D0D00548C00A7BEFF /* OPXFolderContentCoder.m */; };
		77B6C64E0D00549A00A7BEFF /* OPSASL.h in Headers */ = {isa = PBXBuildFile; fileRef = 77B6C64C0D00549A00A7BEFF /* OPSASL.h */; };
		77B6C64F0D00549A00A7BEFF /* OPSASL.m in Sources */ = {isa = PBXBuildFile; fileRef = 77B6C64D0D00549A00A7BEFF /* OPSASL.m */; };
		77B6C6720D0056CE00A7BEFF /* NSString+Extensions.h in Headers */ = {isa = PBXBuildFile; fileRef = 77B6C6700D0056CE00A7BEFF /* NSString+Extensions.h */; };
		77B6C6730D0056CE00A7BEFF /* NSString+Extensions.m in Sources */ = {isa = PBXBuildFile; fileRef = 77B6C6710D0056CE00A7BEFF /* NSString+Extensions.m */; };
		77B6C71F0D00653A00A7BEFF /* NSString+OPHTMLTools.h in Headers */ = {isa = PBXBuildFile; fileRef = 77B6C71D0D00653A00A7BEFF /* NSString+OPHTMLTools.h */; };
		77B6C7200D00653A00A7BEFF /* NSString+OPHTMLTools.m in Sources */ = {isa = PBXBuildFile; fileRef = 77B6C71E0D00653A00A7BEFF /* NSString+OPHTMLTools.m */; };
		77B6C7440D00669400A7BEFF /* NSAttributedString+Extensions.h in Headers */ = {isa = PBXBuildFile; fileRef = 77B6C7420D00669400A7BEFF /* NSAttributedString+Extensions.h */; };
		77B6C7450D00669400A7BEFF /* NSAttributedString+Extensions.m in Sources */ = {isa = PBXBuildFile; fileRef = 77B6C7430D00669400A7BEFF /* NSAttributedString+Extensions.m */; };
		77B6C7480D00669F00A7BEFF /* NSArray+Extensions.h in Headers */ = {isa = PBXBuildFile; fileRef = 77B6C7460D00669F00A7BEFF /* NSArray+Extensions.h */; };
		77B6C7490D00669F00A7BEFF /* NSArray+Extensions.m in Sources */ = {isa = PBXBuildFile; fileRef = 77B6C7470D00669F00A7BEFF /* NSArray+Extensions.m */; };
		77B6C75C0D0067F000A7BEFF /* NSData+Extensions.h in Headers */ = {isa = PBXBuildFile; fileRef = 77B6C75A0D0067F000A7BEFF /* NSData+Extensions.h */; };
		77B6C75D0D0067F000A7BEFF /* NSData+Extensions.m in Sources */ = {isa = PBXBuildFile; fileRef = 77B6C75B0D0067F000A7BEFF /* NSData+Extensions.m */; };
		77B6C7660D00683200A7BEFF /* OPInternetMessageAttachmentCell.h in Headers */ = {isa = PBXBuildFile; fileRef = 77B6C7640D00683200A7BEFF /* OPInternetMessageAttachmentCell.h */; };
		77B6C7670D00683200A7BEFF /* OPInternetMessageAttachmentCell.m in Sources */ = {isa = PBXBuildFile; fileRef = 77B6C7650D00683200A7BEFF /* OPInternetMessageAttachmentCell.m */; };
		77B6C7710D00687200A7BEFF /* NSObject+Extensions.h in Headers */ = {isa = PBXBuildFile; fileRef = 77B6C76F0D00687200A7BEFF /* NSObject+Extensions.h */; };
		77B6C7720D00687200A7BEFF /* NSObject+Extensions.m in Sources */ = {isa = PBXBuildFile; fileRef = 77B6C7700D00687200A7BEFF /* NSObject+Extensions.m */; };
		77B6C7830D006A4000A7BEFF /* NSScanner+Extensions.h in Headers */ = {isa = PBXBuildFile; fileRef = 77B6C7810D006A4000A7BEFF /* NSScanner+Extensions.h */; };
		77B6C7840D006A4000A7BEFF /* NSScanner+Extensions.m in Sources */ = {isa = PBXBuildFile; fileRef = 77B6C7820D006A4000A7BEFF /* NSScanner+Extensions.m */; };
		77B6C7950D006AF000A7BEFF /* NSData+OPMD5.h in Headers */ = {isa = PBXBuildFile; fileRef = 77B6C7930D006AF000A7BEFF /* NSData+OPMD5.h */; };
		77B6C7960D006AF000A7BEFF /* NSData+OPMD5.m in Sources */ = {isa = PBXBuildFile; fileRef = 77B6C7940D006AF000A7BEFF /* NSData+OPMD5.m */; };
		77B6C7E40D00746C00A7BEFF /* NSApplication+OPExtensions.h in Headers */ = {isa = PBXBuildFile; fileRef = 77B6C7E20D00746C00A7BEFF /* NSApplication+OPExtensions.h */; };
		77B6C7E50D00746C00A7BEFF /* NSApplication+OPExtensions.m in Sources */ = {isa = PBXBuildFile; fileRef = 77B6C7E30D00746C00A7BEFF /* NSApplication+OPExtensions.m */; };
		77B6C8010D00754600A7BEFF /* libxml2.dylib in Frameworks */ = {isa = PBXBuildFile; fileRef = 77B6C7FF0D00754600A7BEFF /* libxml2.dylib */; };
		77B6C8020D00754600A7BEFF /* libsasl2.dylib in Frameworks */ = {isa = PBXBuildFile; fileRef = 77B6C8000D00754600A7BEFF /* libsasl2.dylib */; };
		77B6C80A0D0075AC00A7BEFF /* Cocoa.framework in Frameworks */ = {isa = PBXBuildFile; fileRef = 1058C7A1FEA54F0111CA2CBB /* Cocoa.framework */; };
		77B6C8160D00761E00A7BEFF /* EDObjcRuntime.h in Headers */ = {isa = PBXBuildFile; fileRef = 77B6C8150D00761E00A7BEFF /* EDObjcRuntime.h */; };
		77B6C9310D019BF400A7BEFF /* TestNSString+MessageUtils.m in Sources */ = {isa = PBXBuildFile; fileRef = 77B6C5B20D00546B00A7BEFF /* TestNSString+MessageUtils.m */; };
		77B6C97E0D01A25900A7BEFF /* TestNSData+MessageUtils.m in Sources */ = {isa = PBXBuildFile; fileRef = 77B6C5BA0D00546B00A7BEFF /* TestNSData+MessageUtils.m */; };
		77B6C99C0D01A37000A7BEFF /* multipartAlternativeTest-mbox.txt in Resources */ = {isa = PBXBuildFile; fileRef = 77B6C9990D01A37000A7BEFF /* multipartAlternativeTest-mbox.txt */; };
		77B6C99D0D01A37000A7BEFF /* TestAppleDouble.transferData in Resources */ = {isa = PBXBuildFile; fileRef = 77B6C99A0D01A37000A7BEFF /* TestAppleDouble.transferData */; };
		77B6C99E0D01A37000A7BEFF /* TestMIMEBoundaries.transferData in Resources */ = {isa = PBXBuildFile; fileRef = 77B6C99B0D01A37000A7BEFF /* TestMIMEBoundaries.transferData */; };
		77C3BD030D103F860003634C /* Gina.icns in Resources */ = {isa = PBXBuildFile; fileRef = 77C3BD010D103F860003634C /* Gina.icns */; };
		77C3BD040D103F860003634C /* Gina.tiff in Resources */ = {isa = PBXBuildFile; fileRef = 77C3BD020D103F860003634C /* Gina.tiff */; };
		77CFC5090D02F2CC0039A2E8 /* OPNetwork.framework in Frameworks */ = {isa = PBXBuildFile; fileRef = 7759A8760D02E39800AD49CA /* OPNetwork.framework */; };
		77CFC5140D02F32D0039A2E8 /* OPNetwork.framework in Frameworks */ = {isa = PBXBuildFile; fileRef = 7759A8760D02E39800AD49CA /* OPNetwork.framework */; };
		77DB2A120D03537500F23C06 /* TestOPMultipartContentCoder.m in Sources */ = {isa = PBXBuildFile; fileRef = 77B6C5BC0D00546B00A7BEFF /* TestOPMultipartContentCoder.m */; };
		77DB2A4A0D03569F00F23C06 /* TestOPSMTP.m in Sources */ = {isa = PBXBuildFile; fileRef = 77B6C5AE0D00546B00A7BEFF /* TestOPSMTP.m */; };
		8D11072A0486CEB800E47090 /* MainMenu.nib in Resources */ = {isa = PBXBuildFile; fileRef = 29B97318FDCFA39411CA2CEA /* MainMenu.nib */; };
		8D11072B0486CEB800E47090 /* InfoPlist.strings in Resources */ = {isa = PBXBuildFile; fileRef = 089C165CFE840E0CC02AAC07 /* InfoPlist.strings */; };
		8D11072D0486CEB800E47090 /* main.m in Sources */ = {isa = PBXBuildFile; fileRef = 29B97316FDCFA39411CA2CEA /* main.m */; settings = {ATTRIBUTES = (); }; };
		8D11072F0486CEB800E47090 /* Cocoa.framework in Frameworks */ = {isa = PBXBuildFile; fileRef = 1058C7A1FEA54F0111CA2CBB /* Cocoa.framework */; };
/* End PBXBuildFile section */

/* Begin PBXContainerItemProxy section */
		77B6C5940D00540100A7BEFF /* PBXContainerItemProxy */ = {
			isa = PBXContainerItemProxy;
			containerPortal = 29B97313FDCFA39411CA2CEA /* Project object */;
			proxyType = 1;
			remoteGlobalIDString = 77B6C58D0D0053AE00A7BEFF;
			remoteInfo = InternetMessage;
		};
		77B6C91A0D0094DF00A7BEFF /* PBXContainerItemProxy */ = {
			isa = PBXContainerItemProxy;
			containerPortal = 29B97313FDCFA39411CA2CEA /* Project object */;
			proxyType = 1;
			remoteGlobalIDString = 77B6C58D0D0053AE00A7BEFF;
			remoteInfo = InternetMessage;
		};
/* End PBXContainerItemProxy section */

/* Begin PBXCopyFilesBuildPhase section */
		77B6CA9D0D01B66600A7BEFF /* Copy Frameworks */ = {
			isa = PBXCopyFilesBuildPhase;
			buildActionMask = 2147483647;
			dstPath = "";
			dstSubfolderSpec = 10;
			files = (
				775C31130D0D40EA0098DA07 /* OPPreferences.framework in Copy Frameworks */,
				775C31140D0D40EA0098DA07 /* OPNetwork.framework in Copy Frameworks */,
			);
			name = "Copy Frameworks";
			runOnlyForDeploymentPostprocessing = 0;
		};
/* End PBXCopyFilesBuildPhase section */

/* Begin PBXFileReference section */
		089C165DFE840E0CC02AAC07 /* English */ = {isa = PBXFileReference; fileEncoding = 10; lastKnownFileType = text.plist.strings; name = English; path = English.lproj/InfoPlist.strings; sourceTree = "<group>"; };
		1058C7A1FEA54F0111CA2CBB /* Cocoa.framework */ = {isa = PBXFileReference; lastKnownFileType = wrapper.framework; name = Cocoa.framework; path = /System/Library/Frameworks/Cocoa.framework; sourceTree = "<absolute>"; };
		29B97316FDCFA39411CA2CEA /* main.m */ = {isa = PBXFileReference; fileEncoding = 4; lastKnownFileType = sourcecode.c.objc; path = main.m; sourceTree = "<group>"; };
		29B97319FDCFA39411CA2CEA /* English */ = {isa = PBXFileReference; lastKnownFileType = wrapper.nib; name = English; path = English.lproj/MainMenu.nib; sourceTree = "<group>"; };
		29B97324FDCFA39411CA2CEA /* AppKit.framework */ = {isa = PBXFileReference; lastKnownFileType = wrapper.framework; name = AppKit.framework; path = /System/Library/Frameworks/AppKit.framework; sourceTree = "<absolute>"; };
		29B97325FDCFA39411CA2CEA /* Foundation.framework */ = {isa = PBXFileReference; lastKnownFileType = wrapper.framework; name = Foundation.framework; path = /System/Library/Frameworks/Foundation.framework; sourceTree = "<absolute>"; };
		32CA4F630368D1EE00C91783 /* Gina_Prefix.pch */ = {isa = PBXFileReference; fileEncoding = 4; lastKnownFileType = sourcecode.c.h; path = Gina_Prefix.pch; sourceTree = "<group>"; };
		7708F07A0D0DB6CA008A4A2B /* ActivePrefPanes.plist */ = {isa = PBXFileReference; fileEncoding = 4; lastKnownFileType = text.plist; path = ActivePrefPanes.plist; sourceTree = "<group>"; };
		7708F0BE0D0DB8CD008A4A2B /* GIGeneralPrefs.h */ = {isa = PBXFileReference; fileEncoding = 4; lastKnownFileType = sourcecode.c.h; path = GIGeneralPrefs.h; sourceTree = "<group>"; };
		7708F0BF0D0DB8CD008A4A2B /* GIGeneralPrefs.m */ = {isa = PBXFileReference; fileEncoding = 4; lastKnownFileType = sourcecode.c.objc; path = GIGeneralPrefs.m; sourceTree = "<group>"; };
		7708F0D10D0DB9AE008A4A2B /* GIUserDefaultsKeys.h */ = {isa = PBXFileReference; fileEncoding = 4; lastKnownFileType = sourcecode.c.h; path = GIUserDefaultsKeys.h; sourceTree = "<group>"; };
		7708F0D20D0DB9AE008A4A2B /* GIUserDefaultsKeys.m */ = {isa = PBXFileReference; fileEncoding = 4; lastKnownFileType = sourcecode.c.objc; path = GIUserDefaultsKeys.m; sourceTree = "<group>"; };
		7708F11C0D0E8DDA008A4A2B /* DefaultEmailApp.xib */ = {isa = PBXFileReference; lastKnownFileType = file.xib; path = DefaultEmailApp.xib; sourceTree = "<group>"; };
		7713AB4C0D0E97A300CBEC7B /* Localizable.strings */ = {isa = PBXFileReference; fileEncoding = 4; lastKnownFileType = text.plist.strings; path = Localizable.strings; sourceTree = "<group>"; };
		7713AB520D0E983200CBEC7B /* GIGeneralPrefs.xib */ = {isa = PBXFileReference; lastKnownFileType = file.xib; path = GIGeneralPrefs.xib; sourceTree = "<group>"; };
		772B4CA60D058BA600853BEF /* How to debug InternetMessageTest.rtf */ = {isa = PBXFileReference; lastKnownFileType = text.rtf; path = "How to debug InternetMessageTest.rtf"; sourceTree = "<group>"; };
		7759A8760D02E39800AD49CA /* OPNetwork.framework */ = {isa = PBXFileReference; lastKnownFileType = wrapper.framework; name = OPNetwork.framework; path = "../OPNetwork/build/Release (@rpath)/OPNetwork.framework"; sourceTree = SOURCE_ROOT; };
		775C30FB0D0D40620098DA07 /* OPPreferences.framework */ = {isa = PBXFileReference; lastKnownFileType = wrapper.framework; name = OPPreferences.framework; path = "../OPPreferences/build/Release (@rpath)/OPPreferences.framework"; sourceTree = SOURCE_ROOT; };
		775C312F0D0D46280098DA07 /* GIApplication.h */ = {isa = PBXFileReference; fileEncoding = 4; lastKnownFileType = sourcecode.c.h; path = GIApplication.h; sourceTree = "<group>"; };
		775C31300D0D46280098DA07 /* GIApplication.m */ = {isa = PBXFileReference; fileEncoding = 4; lastKnownFileType = sourcecode.c.objc; path = GIApplication.m; sourceTree = "<group>"; };
		7761D9780D02FB8B0044E65A /* InternetMessage.framework */ = {isa = PBXFileReference; lastKnownFileType = wrapper.framework; name = InternetMessage.framework; path = build/Debug/InternetMessage.framework; sourceTree = "<group>"; };
		7761D9CF0D0300E50044E65A /* MIME.plist */ = {isa = PBXFileReference; fileEncoding = 4; lastKnownFileType = text.plist; path = MIME.plist; sourceTree = "<group>"; };
		777B05CB0D031DE40080B76F /* InternetMessage.framework */ = {isa = PBXFileReference; explicitFileType = wrapper.framework; includeInIndex = 0; path = InternetMessage.framework; sourceTree = BUILT_PRODUCTS_DIR; };
		777B061A0D0320C80080B76F /* MailIcon_queue.tiff */ = {isa = PBXFileReference; lastKnownFileType = image.tiff; path = MailIcon_queue.tiff; sourceTree = "<group>"; };
		778077FB0D0705830091F21D /* GetMetadataForFile.c */ = {isa = PBXFileReference; fileEncoding = 4; lastKnownFileType = sourcecode.c.c; path = GetMetadataForFile.c; sourceTree = "<group>"; };
		778077FD0D0705D20091F21D /* main.c */ = {isa = PBXFileReference; fileEncoding = 4; lastKnownFileType = sourcecode.c.c; path = main.c; sourceTree = "<group>"; };
		778077FF0D0705F70091F21D /* schema.xml */ = {isa = PBXFileReference; fileEncoding = 4; lastKnownFileType = text.xml; path = schema.xml; sourceTree = "<group>"; };
		778078030D07065C0091F21D /* English */ = {isa = PBXFileReference; fileEncoding = 4; lastKnownFileType = text.plist.strings; name = English; path = English.lproj/schema.strings; sourceTree = "<group>"; };
		7780780E0D0707DC0091F21D /* CoreFoundation.framework */ = {isa = PBXFileReference; lastKnownFileType = wrapper.framework; name = CoreFoundation.framework; path = /System/Library/Frameworks/CoreFoundation.framework; sourceTree = "<absolute>"; };
		7780780F0D0707DC0091F21D /* CoreServices.framework */ = {isa = PBXFileReference; lastKnownFileType = wrapper.framework; name = CoreServices.framework; path = /System/Library/Frameworks/CoreServices.framework; sourceTree = "<absolute>"; };
		77B6C58F0D0053AE00A7BEFF /* InternetMessage-Info.plist */ = {isa = PBXFileReference; lastKnownFileType = text.plist.xml; name = "InternetMessage-Info.plist"; path = "../InternetMessage-Info.plist"; sourceTree = "<group>"; };
		77B6C5A90D00546B00A7BEFF /* saslutil.h */ = {isa = PBXFileReference; fileEncoding = 4; lastKnownFileType = sourcecode.c.h; path = saslutil.h; sourceTree = "<group>"; };
		77B6C5AA0D00546B00A7BEFF /* prop.h */ = {isa = PBXFileReference; fileEncoding = 4; lastKnownFileType = sourcecode.c.h; path = prop.h; sourceTree = "<group>"; };
		77B6C5AB0D00546B00A7BEFF /* sasl.h */ = {isa = PBXFileReference; fileEncoding = 4; lastKnownFileType = sourcecode.c.h; path = sasl.h; sourceTree = "<group>"; };
		77B6C5AD0D00546B00A7BEFF /* TestOPSMTP.h */ = {isa = PBXFileReference; fileEncoding = 4; lastKnownFileType = sourcecode.c.h; path = TestOPSMTP.h; sourceTree = "<group>"; };
		77B6C5AE0D00546B00A7BEFF /* TestOPSMTP.m */ = {isa = PBXFileReference; fileEncoding = 4; lastKnownFileType = sourcecode.c.objc; path = TestOPSMTP.m; sourceTree = "<group>"; };
		77B6C5AF0D00546B00A7BEFF /* TestEDTextFieldCoder.h */ = {isa = PBXFileReference; fileEncoding = 4; lastKnownFileType = sourcecode.c.h; path = TestEDTextFieldCoder.h; sourceTree = "<group>"; };
		77B6C5B00D00546B00A7BEFF /* TestEDTextFieldCoder.m */ = {isa = PBXFileReference; fileEncoding = 4; lastKnownFileType = sourcecode.c.objc; path = TestEDTextFieldCoder.m; sourceTree = "<group>"; };
		77B6C5B10D00546B00A7BEFF /* TestNSString+MessageUtils.h */ = {isa = PBXFileReference; fileEncoding = 4; lastKnownFileType = sourcecode.c.h; path = "TestNSString+MessageUtils.h"; sourceTree = "<group>"; };
		77B6C5B20D00546B00A7BEFF /* TestNSString+MessageUtils.m */ = {isa = PBXFileReference; fileEncoding = 4; lastKnownFileType = sourcecode.c.objc; path = "TestNSString+MessageUtils.m"; sourceTree = "<group>"; };
		77B6C5B30D00546B00A7BEFF /* TestOPXFolderContentCoder.h */ = {isa = PBXFileReference; fileEncoding = 4; lastKnownFileType = sourcecode.c.h; path = TestOPXFolderContentCoder.h; sourceTree = "<group>"; };
		77B6C5B40D00546B00A7BEFF /* TestOPXFolderContentCoder.m */ = {isa = PBXFileReference; fileEncoding = 4; lastKnownFileType = sourcecode.c.objc; path = TestOPXFolderContentCoder.m; sourceTree = "<group>"; };
		77B6C5B50D00546B00A7BEFF /* TestOPMultimediaContentCoder.h */ = {isa = PBXFileReference; fileEncoding = 4; lastKnownFileType = sourcecode.c.h; path = TestOPMultimediaContentCoder.h; sourceTree = "<group>"; };
		77B6C5B60D00546B00A7BEFF /* TestOPMultimediaContentCoder.m */ = {isa = PBXFileReference; fileEncoding = 4; lastKnownFileType = sourcecode.c.objc; path = TestOPMultimediaContentCoder.m; sourceTree = "<group>"; };
		77B6C5B70D00546B00A7BEFF /* TestOPAppleDoubleContentCoder.h */ = {isa = PBXFileReference; fileEncoding = 4; lastKnownFileType = sourcecode.c.h; path = TestOPAppleDoubleContentCoder.h; sourceTree = "<group>"; };
		77B6C5B80D00546B00A7BEFF /* TestOPAppleDoubleContentCoder.m */ = {isa = PBXFileReference; fileEncoding = 4; lastKnownFileType = sourcecode.c.objc; path = TestOPAppleDoubleContentCoder.m; sourceTree = "<group>"; };
		77B6C5B90D00546B00A7BEFF /* TestNSData+MessageUtils.h */ = {isa = PBXFileReference; fileEncoding = 4; lastKnownFileType = sourcecode.c.h; path = "TestNSData+MessageUtils.h"; sourceTree = "<group>"; };
		77B6C5BA0D00546B00A7BEFF /* TestNSData+MessageUtils.m */ = {isa = PBXFileReference; fileEncoding = 4; lastKnownFileType = sourcecode.c.objc; path = "TestNSData+MessageUtils.m"; sourceTree = "<group>"; };
		77B6C5BB0D00546B00A7BEFF /* TestOPMultipartContentCoder.h */ = {isa = PBXFileReference; fileEncoding = 4; lastKnownFileType = sourcecode.c.h; path = TestOPMultipartContentCoder.h; sourceTree = "<group>"; };
		77B6C5BC0D00546B00A7BEFF /* TestOPMultipartContentCoder.m */ = {isa = PBXFileReference; fileEncoding = 4; lastKnownFileType = sourcecode.c.objc; path = TestOPMultipartContentCoder.m; sourceTree = "<group>"; };
		77B6C5BD0D00546B00A7BEFF /* TestEDCompositeContentCoder.h */ = {isa = PBXFileReference; fileEncoding = 4; lastKnownFileType = sourcecode.c.h; path = TestEDCompositeContentCoder.h; sourceTree = "<group>"; };
		77B6C5BE0D00546B00A7BEFF /* TestEDCompositeContentCoder.m */ = {isa = PBXFileReference; fileEncoding = 4; lastKnownFileType = sourcecode.c.objc; path = TestEDCompositeContentCoder.m; sourceTree = "<group>"; };
		77B6C5BF0D00546B00A7BEFF /* EDCompositeContentCoder.h */ = {isa = PBXFileReference; fileEncoding = 4; lastKnownFileType = sourcecode.c.h; path = EDCompositeContentCoder.h; sourceTree = "<group>"; };
		77B6C5C00D00546B00A7BEFF /* EDCompositeContentCoder.m */ = {isa = PBXFileReference; fileEncoding = 4; lastKnownFileType = sourcecode.c.objc; path = EDCompositeContentCoder.m; sourceTree = "<group>"; };
		77B6C5C10D00546B00A7BEFF /* EDContentCoder.h */ = {isa = PBXFileReference; fileEncoding = 4; lastKnownFileType = sourcecode.c.h; path = EDContentCoder.h; sourceTree = "<group>"; };
		77B6C5C20D00546B00A7BEFF /* EDContentCoder.m */ = {isa = PBXFileReference; fileEncoding = 4; lastKnownFileType = sourcecode.c.objc; path = EDContentCoder.m; sourceTree = "<group>"; };
		77B6C5C30D00546B00A7BEFF /* EDDateFieldCoder.h */ = {isa = PBXFileReference; fileEncoding = 4; lastKnownFileType = sourcecode.c.h; path = EDDateFieldCoder.h; sourceTree = "<group>"; };
		77B6C5C40D00546B00A7BEFF /* EDDateFieldCoder.m */ = {isa = PBXFileReference; fileEncoding = 4; lastKnownFileType = sourcecode.c.objc; path = EDDateFieldCoder.m; sourceTree = "<group>"; };
		77B6C5C50D00546B00A7BEFF /* EDEntityFieldCoder.h */ = {isa = PBXFileReference; fileEncoding = 4; lastKnownFileType = sourcecode.c.h; path = EDEntityFieldCoder.h; sourceTree = "<group>"; };
		77B6C5C60D00546B00A7BEFF /* EDEntityFieldCoder.m */ = {isa = PBXFileReference; fileEncoding = 4; lastKnownFileType = sourcecode.c.objc; path = EDEntityFieldCoder.m; sourceTree = "<group>"; };
		77B6C5C70D00546B00A7BEFF /* EDHeaderBearingObject.h */ = {isa = PBXFileReference; fileEncoding = 4; lastKnownFileType = sourcecode.c.h; path = EDHeaderBearingObject.h; sourceTree = "<group>"; };
		77B6C5C80D00546B00A7BEFF /* EDHeaderBearingObject.m */ = {isa = PBXFileReference; fileEncoding = 4; lastKnownFileType = sourcecode.c.objc; path = EDHeaderBearingObject.m; sourceTree = "<group>"; };
		77B6C5C90D00546B00A7BEFF /* EDHeaderFieldCoder.h */ = {isa = PBXFileReference; fileEncoding = 4; lastKnownFileType = sourcecode.c.h; path = EDHeaderFieldCoder.h; sourceTree = "<group>"; };
		77B6C5CA0D00546B00A7BEFF /* EDHeaderFieldCoder.m */ = {isa = PBXFileReference; fileEncoding = 4; lastKnownFileType = sourcecode.c.objc; path = EDHeaderFieldCoder.m; sourceTree = "<group>"; };
		77B6C5CB0D00546B00A7BEFF /* EDIdListFieldCoder.h */ = {isa = PBXFileReference; fileEncoding = 4; lastKnownFileType = sourcecode.c.h; path = EDIdListFieldCoder.h; sourceTree = "<group>"; };
		77B6C5CC0D00546B00A7BEFF /* EDIdListFieldCoder.m */ = {isa = PBXFileReference; fileEncoding = 4; lastKnownFileType = sourcecode.c.objc; path = EDIdListFieldCoder.m; sourceTree = "<group>"; };
		77B6C5CD0D00546B00A7BEFF /* EDMessagePart+OPExtensions.h */ = {isa = PBXFileReference; fileEncoding = 4; lastKnownFileType = sourcecode.c.h; path = "EDMessagePart+OPExtensions.h"; sourceTree = "<group>"; };
		77B6C5CE0D00546B00A7BEFF /* EDMessagePart+OPExtensions.m */ = {isa = PBXFileReference; fileEncoding = 4; lastKnownFileType = sourcecode.c.objc; path = "EDMessagePart+OPExtensions.m"; sourceTree = "<group>"; };
		77B6C5CF0D00546B00A7BEFF /* EDMessagePart.h */ = {isa = PBXFileReference; fileEncoding = 4; lastKnownFileType = sourcecode.c.h; path = EDMessagePart.h; sourceTree = "<group>"; };
		77B6C5D00D00546B00A7BEFF /* EDMessagePart.m */ = {isa = PBXFileReference; fileEncoding = 4; lastKnownFileType = sourcecode.c.objc; path = EDMessagePart.m; sourceTree = "<group>"; };
		77B6C5D10D00546B00A7BEFF /* EDPlainTextContentCoder.h */ = {isa = PBXFileReference; fileEncoding = 4; lastKnownFileType = sourcecode.c.h; path = EDPlainTextContentCoder.h; sourceTree = "<group>"; };
		77B6C5D20D00546B00A7BEFF /* EDPlainTextContentCoder.m */ = {isa = PBXFileReference; fileEncoding = 4; lastKnownFileType = sourcecode.c.objc; path = EDPlainTextContentCoder.m; sourceTree = "<group>"; };
		77B6C5D30D00546B00A7BEFF /* EDTextContentCoder.h */ = {isa = PBXFileReference; fileEncoding = 4; lastKnownFileType = sourcecode.c.h; path = EDTextContentCoder.h; sourceTree = "<group>"; };
		77B6C5D40D00546B00A7BEFF /* EDTextContentCoder.m */ = {isa = PBXFileReference; fileEncoding = 4; lastKnownFileType = sourcecode.c.objc; path = EDTextContentCoder.m; sourceTree = "<group>"; };
		77B6C5D50D00546B00A7BEFF /* EDTextFieldCoder.h */ = {isa = PBXFileReference; fileEncoding = 4; lastKnownFileType = sourcecode.c.h; path = EDTextFieldCoder.h; sourceTree = "<group>"; };
		77B6C5D60D00546B00A7BEFF /* EDTextFieldCoder.m */ = {isa = PBXFileReference; fileEncoding = 4; lastKnownFileType = sourcecode.c.objc; path = EDTextFieldCoder.m; sourceTree = "<group>"; };
		77B6C5D70D00546B00A7BEFF /* NSAttributedString+MessageUtils.h */ = {isa = PBXFileReference; fileEncoding = 4; lastKnownFileType = sourcecode.c.h; path = "NSAttributedString+MessageUtils.h"; sourceTree = "<group>"; };
		77B6C5D80D00546B00A7BEFF /* NSAttributedString+MessageUtils.m */ = {isa = PBXFileReference; fileEncoding = 4; lastKnownFileType = sourcecode.c.objc; path = "NSAttributedString+MessageUtils.m"; sourceTree = "<group>"; };
		77B6C5D90D00546B00A7BEFF /* NSCalendarDate+NetExt.h */ = {isa = PBXFileReference; fileEncoding = 4; lastKnownFileType = sourcecode.c.h; path = "NSCalendarDate+NetExt.h"; sourceTree = "<group>"; };
		77B6C5DA0D00546B00A7BEFF /* NSCalendarDate+NetExt.m */ = {isa = PBXFileReference; fileEncoding = 4; lastKnownFileType = sourcecode.c.objc; path = "NSCalendarDate+NetExt.m"; sourceTree = "<group>"; };
		77B6C5DB0D00546B00A7BEFF /* NSCharacterSet+MIME.h */ = {isa = PBXFileReference; fileEncoding = 4; lastKnownFileType = sourcecode.c.h; path = "NSCharacterSet+MIME.h"; sourceTree = "<group>"; };
		77B6C5DC0D00546B00A7BEFF /* NSCharacterSet+MIME.m */ = {isa = PBXFileReference; fileEncoding = 4; lastKnownFileType = sourcecode.c.objc; path = "NSCharacterSet+MIME.m"; sourceTree = "<group>"; };
		77B6C5DD0D00546B00A7BEFF /* NSData+MessageUtils.h */ = {isa = PBXFileReference; fileEncoding = 4; lastKnownFileType = sourcecode.c.h; path = "NSData+MessageUtils.h"; sourceTree = "<group>"; };
		77B6C5DE0D00546B00A7BEFF /* NSData+MessageUtils.m */ = {isa = PBXFileReference; fileEncoding = 4; lastKnownFileType = sourcecode.c.objc; path = "NSData+MessageUtils.m"; sourceTree = "<group>"; };
		77B6C5DF0D00546B00A7BEFF /* NSFileWrapper+OPApplefileExtensions.h */ = {isa = PBXFileReference; fileEncoding = 4; lastKnownFileType = sourcecode.c.h; path = "NSFileWrapper+OPApplefileExtensions.h"; sourceTree = "<group>"; };
		77B6C5E00D00546B00A7BEFF /* NSFileWrapper+OPApplefileExtensions.m */ = {isa = PBXFileReference; fileEncoding = 4; lastKnownFileType = sourcecode.c.objc; path = "NSFileWrapper+OPApplefileExtensions.m"; sourceTree = "<group>"; };
		77B6C5E10D00546B00A7BEFF /* NSString+MessageUtils.h */ = {isa = PBXFileReference; fileEncoding = 4; lastKnownFileType = sourcecode.c.h; path = "NSString+MessageUtils.h"; sourceTree = "<group>"; };
		77B6C5E20D00546B00A7BEFF /* NSString+MessageUtils.m */ = {isa = PBXFileReference; fileEncoding = 4; lastKnownFileType = sourcecode.c.objc; path = "NSString+MessageUtils.m"; sourceTree = "<group>"; };
		77B6C5E30D00546B00A7BEFF /* OPAppleDoubleContentCoder.h */ = {isa = PBXFileReference; fileEncoding = 4; lastKnownFileType = sourcecode.c.h; path = OPAppleDoubleContentCoder.h; sourceTree = "<group>"; };
		77B6C5E40D00546B00A7BEFF /* OPAppleDoubleContentCoder.m */ = {isa = PBXFileReference; fileEncoding = 4; lastKnownFileType = sourcecode.c.objc; path = OPAppleDoubleContentCoder.m; sourceTree = "<group>"; };
		77B6C5E50D00546B00A7BEFF /* OPApplefileContentCoder.h */ = {isa = PBXFileReference; fileEncoding = 4; lastKnownFileType = sourcecode.c.h; path = OPApplefileContentCoder.h; sourceTree = "<group>"; };
		77B6C5E60D00546B00A7BEFF /* OPApplefileContentCoder.m */ = {isa = PBXFileReference; fileEncoding = 4; lastKnownFileType = sourcecode.c.objc; path = OPApplefileContentCoder.m; sourceTree = "<group>"; };
		77B6C6240D00548000A7BEFF /* OPInternetMessage+GinkoExtensions.h */ = {isa = PBXFileReference; fileEncoding = 4; lastKnownFileType = sourcecode.c.h; path = "OPInternetMessage+GinkoExtensions.h"; sourceTree = "<group>"; };
		77B6C6250D00548000A7BEFF /* OPInternetMessage+GinkoExtensions.m */ = {isa = PBXFileReference; fileEncoding = 4; lastKnownFileType = sourcecode.c.objc; path = "OPInternetMessage+GinkoExtensions.m"; sourceTree = "<group>"; };
		77B6C6260D00548000A7BEFF /* OPInternetMessage.h */ = {isa = PBXFileReference; fileEncoding = 4; lastKnownFileType = sourcecode.c.h; path = OPInternetMessage.h; sourceTree = "<group>"; };
		77B6C6270D00548000A7BEFF /* OPInternetMessage.m */ = {isa = PBXFileReference; fileEncoding = 4; lastKnownFileType = sourcecode.c.objc; path = OPInternetMessage.m; sourceTree = "<group>"; };
		77B6C6280D00548100A7BEFF /* OPMBoxFile.h */ = {isa = PBXFileReference; fileEncoding = 4; lastKnownFileType = sourcecode.c.h; path = OPMBoxFile.h; sourceTree = "<group>"; };
		77B6C6290D00548100A7BEFF /* OPMBoxFile.m */ = {isa = PBXFileReference; fileEncoding = 4; lastKnownFileType = sourcecode.c.objc; path = OPMBoxFile.m; sourceTree = "<group>"; };
		77B6C6300D00548C00A7BEFF /* OPMultimediaContentCoder.h */ = {isa = PBXFileReference; fileEncoding = 4; lastKnownFileType = sourcecode.c.h; path = OPMultimediaContentCoder.h; sourceTree = "<group>"; };
		77B6C6310D00548C00A7BEFF /* OPMultimediaContentCoder.m */ = {isa = PBXFileReference; fileEncoding = 4; lastKnownFileType = sourcecode.c.objc; path = OPMultimediaContentCoder.m; sourceTree = "<group>"; };
		77B6C6320D00548C00A7BEFF /* OPMultipartContentCoder.h */ = {isa = PBXFileReference; fileEncoding = 4; lastKnownFileType = sourcecode.c.h; path = OPMultipartContentCoder.h; sourceTree = "<group>"; };
		77B6C6330D00548C00A7BEFF /* OPMultipartContentCoder.m */ = {isa = PBXFileReference; fileEncoding = 4; lastKnownFileType = sourcecode.c.objc; path = OPMultipartContentCoder.m; sourceTree = "<group>"; };
		77B6C6340D00548C00A7BEFF /* OPPOP3Session.h */ = {isa = PBXFileReference; fileEncoding = 4; lastKnownFileType = sourcecode.c.h; path = OPPOP3Session.h; sourceTree = "<group>"; };
		77B6C6350D00548C00A7BEFF /* OPPOP3Session.m */ = {isa = PBXFileReference; fileEncoding = 4; lastKnownFileType = sourcecode.c.objc; path = OPPOP3Session.m; sourceTree = "<group>"; };
		77B6C6360D00548C00A7BEFF /* OPSMTP.h */ = {isa = PBXFileReference; fileEncoding = 4; lastKnownFileType = sourcecode.c.h; path = OPSMTP.h; sourceTree = "<group>"; };
		77B6C6370D00548C00A7BEFF /* OPSMTP.m */ = {isa = PBXFileReference; fileEncoding = 4; lastKnownFileType = sourcecode.c.objc; path = OPSMTP.m; sourceTree = "<group>"; };
		77B6C6380D00548C00A7BEFF /* OPSMTP+InternetMessage.h */ = {isa = PBXFileReference; fileEncoding = 4; lastKnownFileType = sourcecode.c.h; path = "OPSMTP+InternetMessage.h"; sourceTree = "<group>"; };
		77B6C6390D00548C00A7BEFF /* OPSMTP+InternetMessage.m */ = {isa = PBXFileReference; fileEncoding = 4; lastKnownFileType = sourcecode.c.objc; path = "OPSMTP+InternetMessage.m"; sourceTree = "<group>"; };
		77B6C63A0D00548C00A7BEFF /* OPURLFieldCoder.h */ = {isa = PBXFileReference; fileEncoding = 4; lastKnownFileType = sourcecode.c.h; path = OPURLFieldCoder.h; sourceTree = "<group>"; };
		77B6C63B0D00548C00A7BEFF /* OPURLFieldCoder.m */ = {isa = PBXFileReference; fileEncoding = 4; lastKnownFileType = sourcecode.c.objc; path = OPURLFieldCoder.m; sourceTree = "<group>"; };
		77B6C63C0D00548C00A7BEFF /* OPXFolderContentCoder.h */ = {isa = PBXFileReference; fileEncoding = 4; lastKnownFileType = sourcecode.c.h; path = OPXFolderContentCoder.h; sourceTree = "<group>"; };
		77B6C63D0D00548C00A7BEFF /* OPXFolderContentCoder.m */ = {isa = PBXFileReference; fileEncoding = 4; lastKnownFileType = sourcecode.c.objc; path = OPXFolderContentCoder.m; sourceTree = "<group>"; };
		77B6C64C0D00549A00A7BEFF /* OPSASL.h */ = {isa = PBXFileReference; fileEncoding = 4; lastKnownFileType = sourcecode.c.h; path = OPSASL.h; sourceTree = "<group>"; };
		77B6C64D0D00549A00A7BEFF /* OPSASL.m */ = {isa = PBXFileReference; fileEncoding = 4; lastKnownFileType = sourcecode.c.objc; path = OPSASL.m; sourceTree = "<group>"; };
		77B6C65B0D00554D00A7BEFF /* utilities.h */ = {isa = PBXFileReference; fileEncoding = 4; lastKnownFileType = sourcecode.c.h; name = utilities.h; path = InternetMessage/utilities.h; sourceTree = "<group>"; };
		77B6C6700D0056CE00A7BEFF /* NSString+Extensions.h */ = {isa = PBXFileReference; fileEncoding = 4; lastKnownFileType = sourcecode.c.h; name = "NSString+Extensions.h"; path = "InternetMessage/NSString+Extensions.h"; sourceTree = "<group>"; };
		77B6C6710D0056CE00A7BEFF /* NSString+Extensions.m */ = {isa = PBXFileReference; fileEncoding = 4; lastKnownFileType = sourcecode.c.objc; name = "NSString+Extensions.m"; path = "InternetMessage/NSString+Extensions.m"; sourceTree = "<group>"; };
		77B6C71D0D00653A00A7BEFF /* NSString+OPHTMLTools.h */ = {isa = PBXFileReference; fileEncoding = 4; lastKnownFileType = sourcecode.c.h; name = "NSString+OPHTMLTools.h"; path = "InternetMessage/NSString+OPHTMLTools.h"; sourceTree = "<group>"; };
		77B6C71E0D00653A00A7BEFF /* NSString+OPHTMLTools.m */ = {isa = PBXFileReference; fileEncoding = 4; lastKnownFileType = sourcecode.c.objc; name = "NSString+OPHTMLTools.m"; path = "InternetMessage/NSString+OPHTMLTools.m"; sourceTree = "<group>"; };
		77B6C7420D00669400A7BEFF /* NSAttributedString+Extensions.h */ = {isa = PBXFileReference; fileEncoding = 4; lastKnownFileType = sourcecode.c.h; name = "NSAttributedString+Extensions.h"; path = "InternetMessage/NSAttributedString+Extensions.h"; sourceTree = "<group>"; };
		77B6C7430D00669400A7BEFF /* NSAttributedString+Extensions.m */ = {isa = PBXFileReference; fileEncoding = 4; lastKnownFileType = sourcecode.c.objc; name = "NSAttributedString+Extensions.m"; path = "InternetMessage/NSAttributedString+Extensions.m"; sourceTree = "<group>"; };
		77B6C7460D00669F00A7BEFF /* NSArray+Extensions.h */ = {isa = PBXFileReference; fileEncoding = 4; lastKnownFileType = sourcecode.c.h; name = "NSArray+Extensions.h"; path = "InternetMessage/NSArray+Extensions.h"; sourceTree = "<group>"; };
		77B6C7470D00669F00A7BEFF /* NSArray+Extensions.m */ = {isa = PBXFileReference; fileEncoding = 4; lastKnownFileType = sourcecode.c.objc; name = "NSArray+Extensions.m"; path = "InternetMessage/NSArray+Extensions.m"; sourceTree = "<group>"; };
		77B6C75A0D0067F000A7BEFF /* NSData+Extensions.h */ = {isa = PBXFileReference; fileEncoding = 4; lastKnownFileType = sourcecode.c.h; name = "NSData+Extensions.h"; path = "InternetMessage/NSData+Extensions.h"; sourceTree = "<group>"; };
		77B6C75B0D0067F000A7BEFF /* NSData+Extensions.m */ = {isa = PBXFileReference; fileEncoding = 4; lastKnownFileType = sourcecode.c.objc; name = "NSData+Extensions.m"; path = "InternetMessage/NSData+Extensions.m"; sourceTree = "<group>"; };
		77B6C7640D00683200A7BEFF /* OPInternetMessageAttachmentCell.h */ = {isa = PBXFileReference; fileEncoding = 4; lastKnownFileType = sourcecode.c.h; name = OPInternetMessageAttachmentCell.h; path = InternetMessage/OPInternetMessageAttachmentCell.h; sourceTree = "<group>"; };
		77B6C7650D00683200A7BEFF /* OPInternetMessageAttachmentCell.m */ = {isa = PBXFileReference; fileEncoding = 4; lastKnownFileType = sourcecode.c.objc; name = OPInternetMessageAttachmentCell.m; path = InternetMessage/OPInternetMessageAttachmentCell.m; sourceTree = "<group>"; };
		77B6C76F0D00687200A7BEFF /* NSObject+Extensions.h */ = {isa = PBXFileReference; fileEncoding = 4; lastKnownFileType = sourcecode.c.h; name = "NSObject+Extensions.h"; path = "InternetMessage/NSObject+Extensions.h"; sourceTree = "<group>"; };
		77B6C7700D00687200A7BEFF /* NSObject+Extensions.m */ = {isa = PBXFileReference; fileEncoding = 4; lastKnownFileType = sourcecode.c.objc; name = "NSObject+Extensions.m"; path = "InternetMessage/NSObject+Extensions.m"; sourceTree = "<group>"; };
		77B6C7810D006A4000A7BEFF /* NSScanner+Extensions.h */ = {isa = PBXFileReference; fileEncoding = 4; lastKnownFileType = sourcecode.c.h; name = "NSScanner+Extensions.h"; path = "InternetMessage/NSScanner+Extensions.h"; sourceTree = "<group>"; };
		77B6C7820D006A4000A7BEFF /* NSScanner+Extensions.m */ = {isa = PBXFileReference; fileEncoding = 4; lastKnownFileType = sourcecode.c.objc; name = "NSScanner+Extensions.m"; path = "InternetMessage/NSScanner+Extensions.m"; sourceTree = "<group>"; };
		77B6C7930D006AF000A7BEFF /* NSData+OPMD5.h */ = {isa = PBXFileReference; fileEncoding = 4; lastKnownFileType = sourcecode.c.h; name = "NSData+OPMD5.h"; path = "InternetMessage/NSData+OPMD5.h"; sourceTree = "<group>"; };
		77B6C7940D006AF000A7BEFF /* NSData+OPMD5.m */ = {isa = PBXFileReference; fileEncoding = 4; lastKnownFileType = sourcecode.c.objc; name = "NSData+OPMD5.m"; path = "InternetMessage/NSData+OPMD5.m"; sourceTree = "<group>"; };
		77B6C7E20D00746C00A7BEFF /* NSApplication+OPExtensions.h */ = {isa = PBXFileReference; fileEncoding = 4; lastKnownFileType = sourcecode.c.h; name = "NSApplication+OPExtensions.h"; path = "InternetMessage/NSApplication+OPExtensions.h"; sourceTree = "<group>"; };
		77B6C7E30D00746C00A7BEFF /* NSApplication+OPExtensions.m */ = {isa = PBXFileReference; fileEncoding = 4; lastKnownFileType = sourcecode.c.objc; name = "NSApplication+OPExtensions.m"; path = "InternetMessage/NSApplication+OPExtensions.m"; sourceTree = "<group>"; };
		77B6C7FF0D00754600A7BEFF /* libxml2.dylib */ = {isa = PBXFileReference; lastKnownFileType = "compiled.mach-o.dylib"; name = libxml2.dylib; path = /usr/lib/libxml2.dylib; sourceTree = "<absolute>"; };
		77B6C8000D00754600A7BEFF /* libsasl2.dylib */ = {isa = PBXFileReference; lastKnownFileType = "compiled.mach-o.dylib"; name = libsasl2.dylib; path = /usr/lib/libsasl2.dylib; sourceTree = "<absolute>"; };
		77B6C8150D00761E00A7BEFF /* EDObjcRuntime.h */ = {isa = PBXFileReference; fileEncoding = 4; lastKnownFileType = sourcecode.c.h; name = EDObjcRuntime.h; path = InternetMessage/EDObjcRuntime.h; sourceTree = "<group>"; };
		77B6C8940D008D7C00A7BEFF /* InternetMessageTest.octest */ = {isa = PBXFileReference; explicitFileType = wrapper.cfbundle; includeInIndex = 0; path = InternetMessageTest.octest; sourceTree = BUILT_PRODUCTS_DIR; };
		77B6C8950D008D7C00A7BEFF /* InternetMessageTest-Info.plist */ = {isa = PBXFileReference; lastKnownFileType = text.plist.xml; name = "InternetMessageTest-Info.plist"; path = "../InternetMessageTest-Info.plist"; sourceTree = "<group>"; };
		77B6C9990D01A37000A7BEFF /* multipartAlternativeTest-mbox.txt */ = {isa = PBXFileReference; fileEncoding = 4; lastKnownFileType = text; path = "multipartAlternativeTest-mbox.txt"; sourceTree = "<group>"; };
		77B6C99A0D01A37000A7BEFF /* TestAppleDouble.transferData */ = {isa = PBXFileReference; fileEncoding = 4; lastKnownFileType = text; path = TestAppleDouble.transferData; sourceTree = "<group>"; };
		77B6C99B0D01A37000A7BEFF /* TestMIMEBoundaries.transferData */ = {isa = PBXFileReference; fileEncoding = 4; lastKnownFileType = text; path = TestMIMEBoundaries.transferData; sourceTree = "<group>"; };
		77C3BD010D103F860003634C /* Gina.icns */ = {isa = PBXFileReference; lastKnownFileType = image.icns; path = Gina.icns; sourceTree = "<group>"; };
		77C3BD020D103F860003634C /* Gina.tiff */ = {isa = PBXFileReference; lastKnownFileType = image.tiff; path = Gina.tiff; sourceTree = "<group>"; };
		77E567580D05A3550016594D /* How to set up.rtf */ = {isa = PBXFileReference; lastKnownFileType = text.rtf; path = "How to set up.rtf"; sourceTree = "<group>"; };
		77E5676D0D0702670016594D /* GinaSpotlight.mdimporter */ = {isa = PBXFileReference; explicitFileType = wrapper.cfbundle; includeInIndex = 0; path = GinaSpotlight.mdimporter; sourceTree = BUILT_PRODUCTS_DIR; };
		77E5676E0D0702670016594D /* GinaSpotlight-Info.plist */ = {isa = PBXFileReference; lastKnownFileType = text.plist.xml; name = "GinaSpotlight-Info.plist"; path = "../GinaSpotlight-Info.plist"; sourceTree = "<group>"; };
		8D1107310486CEB800E47090 /* Info.plist */ = {isa = PBXFileReference; fileEncoding = 4; lastKnownFileType = text.plist.xml; path = Info.plist; sourceTree = "<group>"; };
		8D1107320486CEB800E47090 /* Gina.app */ = {isa = PBXFileReference; explicitFileType = wrapper.application; includeInIndex = 0; path = Gina.app; sourceTree = BUILT_PRODUCTS_DIR; };
/* End PBXFileReference section */

/* Begin PBXFrameworksBuildPhase section */
		77B6C58C0D0053AE00A7BEFF /* Frameworks */ = {
			isa = PBXFrameworksBuildPhase;
			buildActionMask = 2147483647;
			files = (
				77B6C8010D00754600A7BEFF /* libxml2.dylib in Frameworks */,
				77B6C8020D00754600A7BEFF /* libsasl2.dylib in Frameworks */,
				77B6C80A0D0075AC00A7BEFF /* Cocoa.framework in Frameworks */,
				7759A8770D02E39800AD49CA /* OPNetwork.framework in Frameworks */,
			);
			runOnlyForDeploymentPostprocessing = 0;
		};
		77B6C8910D008D7C00A7BEFF /* Frameworks */ = {
			isa = PBXFrameworksBuildPhase;
			buildActionMask = 2147483647;
			files = (
				77CFC5140D02F32D0039A2E8 /* OPNetwork.framework in Frameworks */,
			);
			runOnlyForDeploymentPostprocessing = 0;
		};
		77E5676B0D0702670016594D /* Frameworks */ = {
			isa = PBXFrameworksBuildPhase;
			buildActionMask = 2147483647;
			files = (
				7780785A0D070BD20091F21D /* CoreFoundation.framework in Frameworks */,
				7780785B0D070BD30091F21D /* CoreServices.framework in Frameworks */,
			);
			runOnlyForDeploymentPostprocessing = 0;
		};
		8D11072E0486CEB800E47090 /* Frameworks */ = {
			isa = PBXFrameworksBuildPhase;
			buildActionMask = 2147483647;
			files = (
				77CFC5090D02F2CC0039A2E8 /* OPNetwork.framework in Frameworks */,
				8D11072F0486CEB800E47090 /* Cocoa.framework in Frameworks */,
				7761D97A0D02FB8B0044E65A /* InternetMessage.framework in Frameworks */,
				777B05CC0D031DE40080B76F /* InternetMessage.framework in Frameworks */,
				775C30FC0D0D40620098DA07 /* OPPreferences.framework in Frameworks */,
			);
			runOnlyForDeploymentPostprocessing = 0;
		};
/* End PBXFrameworksBuildPhase section */

/* Begin PBXGroup section */
		080E96DDFE201D6D7F000001 /* Gina */ = {
			isa = PBXGroup;
			children = (
				775C312E0D0D45E50098DA07 /* Controllers */,
				775C30D70D0D3C870098DA07 /* Preferences */,
			);
			name = Gina;
			sourceTree = "<group>";
		};
		1058C7A0FEA54F0111CA2CBB /* Linked Frameworks */ = {
			isa = PBXGroup;
			children = (
				775C30FB0D0D40620098DA07 /* OPPreferences.framework */,
				7759A8760D02E39800AD49CA /* OPNetwork.framework */,
				1058C7A1FEA54F0111CA2CBB /* Cocoa.framework */,
				77B6C7FF0D00754600A7BEFF /* libxml2.dylib */,
				77B6C8000D00754600A7BEFF /* libsasl2.dylib */,
			);
			name = "Linked Frameworks";
			sourceTree = "<group>";
		};
		1058C7A2FEA54F0111CA2CBB /* Other Frameworks */ = {
			isa = PBXGroup;
			children = (
				7780780E0D0707DC0091F21D /* CoreFoundation.framework */,
				7780780F0D0707DC0091F21D /* CoreServices.framework */,
				29B97324FDCFA39411CA2CEA /* AppKit.framework */,
				29B97325FDCFA39411CA2CEA /* Foundation.framework */,
			);
			name = "Other Frameworks";
			sourceTree = "<group>";
		};
		19C28FACFE9D520D11CA2CBB /* Products */ = {
			isa = PBXGroup;
			children = (
				7761D9780D02FB8B0044E65A /* InternetMessage.framework */,
				8D1107320486CEB800E47090 /* Gina.app */,
				77B6C8940D008D7C00A7BEFF /* InternetMessageTest.octest */,
				777B05CB0D031DE40080B76F /* InternetMessage.framework */,
				77E5676D0D0702670016594D /* GinaSpotlight.mdimporter */,
			);
			name = Products;
			sourceTree = "<group>";
		};
		29B97314FDCFA39411CA2CEA /* Gina */ = {
			isa = PBXGroup;
			children = (
				772B4C9C0D05890800853BEF /* Documentation */,
				77B6C94E0D019D4B00A7BEFF /* Common */,
				77B6C5980D00541A00A7BEFF /* InternetMessage */,
				77B6C5AC0D00546B00A7BEFF /* InternetMessageTests */,
				778077F50D07053A0091F21D /* Spotlight */,
				080E96DDFE201D6D7F000001 /* Gina */,
				29B97315FDCFA39411CA2CEA /* Other Sources */,
				29B97317FDCFA39411CA2CEA /* Resources */,
				29B97323FDCFA39411CA2CEA /* Frameworks */,
				19C28FACFE9D520D11CA2CBB /* Products */,
			);
			name = Gina;
			sourceTree = "<group>";
		};
		29B97315FDCFA39411CA2CEA /* Other Sources */ = {
			isa = PBXGroup;
			children = (
				32CA4F630368D1EE00C91783 /* Gina_Prefix.pch */,
				29B97316FDCFA39411CA2CEA /* main.m */,
				7708F0D10D0DB9AE008A4A2B /* GIUserDefaultsKeys.h */,
				7708F0D20D0DB9AE008A4A2B /* GIUserDefaultsKeys.m */,
			);
			name = "Other Sources";
			sourceTree = "<group>";
		};
		29B97317FDCFA39411CA2CEA /* Resources */ = {
			isa = PBXGroup;
			children = (
				77C3BD010D103F860003634C /* Gina.icns */,
				77C3BD020D103F860003634C /* Gina.tiff */,
				7713AB4C0D0E97A300CBEC7B /* Localizable.strings */,
				7708F07A0D0DB6CA008A4A2B /* ActivePrefPanes.plist */,
				778078010D0706190091F21D /* Spotlight */,
				7761D9CF0D0300E50044E65A /* MIME.plist */,
				77B6C9860D01A2C200A7BEFF /* Test Resources */,
				8D1107310486CEB800E47090 /* Info.plist */,
				089C165CFE840E0CC02AAC07 /* InfoPlist.strings */,
				77B6C58F0D0053AE00A7BEFF /* InternetMessage-Info.plist */,
				77B6C8950D008D7C00A7BEFF /* InternetMessageTest-Info.plist */,
				77E5676E0D0702670016594D /* GinaSpotlight-Info.plist */,
				29B97318FDCFA39411CA2CEA /* MainMenu.nib */,
				7708F11C0D0E8DDA008A4A2B /* DefaultEmailApp.xib */,
			);
			path = Resources;
			sourceTree = "<group>";
		};
		29B97323FDCFA39411CA2CEA /* Frameworks */ = {
			isa = PBXGroup;
			children = (
				1058C7A0FEA54F0111CA2CBB /* Linked Frameworks */,
				1058C7A2FEA54F0111CA2CBB /* Other Frameworks */,
			);
			name = Frameworks;
			sourceTree = "<group>";
		};
		772B4C9C0D05890800853BEF /* Documentation */ = {
			isa = PBXGroup;
			children = (
				77E567580D05A3550016594D /* How to set up.rtf */,
				772B4CA60D058BA600853BEF /* How to debug InternetMessageTest.rtf */,
			);
			path = Documentation;
			sourceTree = "<group>";
		};
		775C30D70D0D3C870098DA07 /* Preferences */ = {
			isa = PBXGroup;
			children = (
				7713AB520D0E983200CBEC7B /* GIGeneralPrefs.xib */,
				7708F0BE0D0DB8CD008A4A2B /* GIGeneralPrefs.h */,
				7708F0BF0D0DB8CD008A4A2B /* GIGeneralPrefs.m */,
			);
			path = Preferences;
			sourceTree = "<group>";
		};
		775C312E0D0D45E50098DA07 /* Controllers */ = {
			isa = PBXGroup;
			children = (
				775C312F0D0D46280098DA07 /* GIApplication.h */,
				775C31300D0D46280098DA07 /* GIApplication.m */,
			);
			path = Controllers;
			sourceTree = "<group>";
		};
		778077F50D07053A0091F21D /* Spotlight */ = {
			isa = PBXGroup;
			children = (
				778077FD0D0705D20091F21D /* main.c */,
				778077FB0D0705830091F21D /* GetMetadataForFile.c */,
			);
			path = Spotlight;
			sourceTree = "<group>";
		};
		778078010D0706190091F21D /* Spotlight */ = {
			isa = PBXGroup;
			children = (
				778078020D07065C0091F21D /* schema.strings */,
				778077FF0D0705F70091F21D /* schema.xml */,
			);
			name = Spotlight;
			sourceTree = "<group>";
		};
		77B6C5980D00541A00A7BEFF /* InternetMessage */ = {
			isa = PBXGroup;
			children = (
				77B6C5A90D00546B00A7BEFF /* saslutil.h */,
				77B6C5AA0D00546B00A7BEFF /* prop.h */,
				77B6C5AB0D00546B00A7BEFF /* sasl.h */,
				77B6C5BF0D00546B00A7BEFF /* EDCompositeContentCoder.h */,
				77B6C5C00D00546B00A7BEFF /* EDCompositeContentCoder.m */,
				77B6C5C10D00546B00A7BEFF /* EDContentCoder.h */,
				77B6C5C20D00546B00A7BEFF /* EDContentCoder.m */,
				77B6C5C30D00546B00A7BEFF /* EDDateFieldCoder.h */,
				77B6C5C40D00546B00A7BEFF /* EDDateFieldCoder.m */,
				77B6C5C50D00546B00A7BEFF /* EDEntityFieldCoder.h */,
				77B6C5C60D00546B00A7BEFF /* EDEntityFieldCoder.m */,
				77B6C5C70D00546B00A7BEFF /* EDHeaderBearingObject.h */,
				77B6C5C80D00546B00A7BEFF /* EDHeaderBearingObject.m */,
				77B6C5C90D00546B00A7BEFF /* EDHeaderFieldCoder.h */,
				77B6C5CA0D00546B00A7BEFF /* EDHeaderFieldCoder.m */,
				77B6C5CB0D00546B00A7BEFF /* EDIdListFieldCoder.h */,
				77B6C5CC0D00546B00A7BEFF /* EDIdListFieldCoder.m */,
				77B6C5CD0D00546B00A7BEFF /* EDMessagePart+OPExtensions.h */,
				77B6C5CE0D00546B00A7BEFF /* EDMessagePart+OPExtensions.m */,
				77B6C5CF0D00546B00A7BEFF /* EDMessagePart.h */,
				77B6C5D00D00546B00A7BEFF /* EDMessagePart.m */,
				77B6C5D10D00546B00A7BEFF /* EDPlainTextContentCoder.h */,
				77B6C5D20D00546B00A7BEFF /* EDPlainTextContentCoder.m */,
				77B6C5D30D00546B00A7BEFF /* EDTextContentCoder.h */,
				77B6C5D40D00546B00A7BEFF /* EDTextContentCoder.m */,
				77B6C5D50D00546B00A7BEFF /* EDTextFieldCoder.h */,
				77B6C5D60D00546B00A7BEFF /* EDTextFieldCoder.m */,
				77B6C5D70D00546B00A7BEFF /* NSAttributedString+MessageUtils.h */,
				77B6C5D80D00546B00A7BEFF /* NSAttributedString+MessageUtils.m */,
				77B6C5D90D00546B00A7BEFF /* NSCalendarDate+NetExt.h */,
				77B6C5DA0D00546B00A7BEFF /* NSCalendarDate+NetExt.m */,
				77B6C5DB0D00546B00A7BEFF /* NSCharacterSet+MIME.h */,
				77B6C5DC0D00546B00A7BEFF /* NSCharacterSet+MIME.m */,
				77B6C5DD0D00546B00A7BEFF /* NSData+MessageUtils.h */,
				77B6C5DE0D00546B00A7BEFF /* NSData+MessageUtils.m */,
				77B6C5DF0D00546B00A7BEFF /* NSFileWrapper+OPApplefileExtensions.h */,
				77B6C5E00D00546B00A7BEFF /* NSFileWrapper+OPApplefileExtensions.m */,
				77B6C5E10D00546B00A7BEFF /* NSString+MessageUtils.h */,
				77B6C5E20D00546B00A7BEFF /* NSString+MessageUtils.m */,
				77B6C5E30D00546B00A7BEFF /* OPAppleDoubleContentCoder.h */,
				77B6C5E40D00546B00A7BEFF /* OPAppleDoubleContentCoder.m */,
				77B6C5E50D00546B00A7BEFF /* OPApplefileContentCoder.h */,
				77B6C5E60D00546B00A7BEFF /* OPApplefileContentCoder.m */,
				77B6C6240D00548000A7BEFF /* OPInternetMessage+GinkoExtensions.h */,
				77B6C6250D00548000A7BEFF /* OPInternetMessage+GinkoExtensions.m */,
				77B6C6260D00548000A7BEFF /* OPInternetMessage.h */,
				77B6C6270D00548000A7BEFF /* OPInternetMessage.m */,
				77B6C6280D00548100A7BEFF /* OPMBoxFile.h */,
				77B6C6290D00548100A7BEFF /* OPMBoxFile.m */,
				77B6C6300D00548C00A7BEFF /* OPMultimediaContentCoder.h */,
				77B6C6310D00548C00A7BEFF /* OPMultimediaContentCoder.m */,
				77B6C6320D00548C00A7BEFF /* OPMultipartContentCoder.h */,
				77B6C6330D00548C00A7BEFF /* OPMultipartContentCoder.m */,
				77B6C6340D00548C00A7BEFF /* OPPOP3Session.h */,
				77B6C6350D00548C00A7BEFF /* OPPOP3Session.m */,
				77B6C6360D00548C00A7BEFF /* OPSMTP.h */,
				77B6C6370D00548C00A7BEFF /* OPSMTP.m */,
				77B6C6380D00548C00A7BEFF /* OPSMTP+InternetMessage.h */,
				77B6C6390D00548C00A7BEFF /* OPSMTP+InternetMessage.m */,
				77B6C63A0D00548C00A7BEFF /* OPURLFieldCoder.h */,
				77B6C63B0D00548C00A7BEFF /* OPURLFieldCoder.m */,
				77B6C63C0D00548C00A7BEFF /* OPXFolderContentCoder.h */,
				77B6C63D0D00548C00A7BEFF /* OPXFolderContentCoder.m */,
				77B6C64C0D00549A00A7BEFF /* OPSASL.h */,
				77B6C64D0D00549A00A7BEFF /* OPSASL.m */,
			);
			path = InternetMessage;
			sourceTree = "<group>";
		};
		77B6C5AC0D00546B00A7BEFF /* InternetMessageTests */ = {
			isa = PBXGroup;
			children = (
				77B6C5AD0D00546B00A7BEFF /* TestOPSMTP.h */,
				77B6C5AE0D00546B00A7BEFF /* TestOPSMTP.m */,
				77B6C5AF0D00546B00A7BEFF /* TestEDTextFieldCoder.h */,
				77B6C5B00D00546B00A7BEFF /* TestEDTextFieldCoder.m */,
				77B6C5B10D00546B00A7BEFF /* TestNSString+MessageUtils.h */,
				77B6C5B20D00546B00A7BEFF /* TestNSString+MessageUtils.m */,
				77B6C5B30D00546B00A7BEFF /* TestOPXFolderContentCoder.h */,
				77B6C5B40D00546B00A7BEFF /* TestOPXFolderContentCoder.m */,
				77B6C5B50D00546B00A7BEFF /* TestOPMultimediaContentCoder.h */,
				77B6C5B60D00546B00A7BEFF /* TestOPMultimediaContentCoder.m */,
				77B6C5B70D00546B00A7BEFF /* TestOPAppleDoubleContentCoder.h */,
				77B6C5B80D00546B00A7BEFF /* TestOPAppleDoubleContentCoder.m */,
				77B6C5B90D00546B00A7BEFF /* TestNSData+MessageUtils.h */,
				77B6C5BA0D00546B00A7BEFF /* TestNSData+MessageUtils.m */,
				77B6C5BB0D00546B00A7BEFF /* TestOPMultipartContentCoder.h */,
				77B6C5BC0D00546B00A7BEFF /* TestOPMultipartContentCoder.m */,
				77B6C5BD0D00546B00A7BEFF /* TestEDCompositeContentCoder.h */,
				77B6C5BE0D00546B00A7BEFF /* TestEDCompositeContentCoder.m */,
			);
			name = InternetMessageTests;
			path = InternetMessage/Tests;
			sourceTree = "<group>";
		};
		77B6C94E0D019D4B00A7BEFF /* Common */ = {
			isa = PBXGroup;
			children = (
				77B6C6700D0056CE00A7BEFF /* NSString+Extensions.h */,
				77B6C6710D0056CE00A7BEFF /* NSString+Extensions.m */,
				77B6C71D0D00653A00A7BEFF /* NSString+OPHTMLTools.h */,
				77B6C71E0D00653A00A7BEFF /* NSString+OPHTMLTools.m */,
				77B6C7420D00669400A7BEFF /* NSAttributedString+Extensions.h */,
				77B6C7430D00669400A7BEFF /* NSAttributedString+Extensions.m */,
				77B6C7460D00669F00A7BEFF /* NSArray+Extensions.h */,
				77B6C7470D00669F00A7BEFF /* NSArray+Extensions.m */,
				77B6C75A0D0067F000A7BEFF /* NSData+Extensions.h */,
				77B6C75B0D0067F000A7BEFF /* NSData+Extensions.m */,
				77B6C7640D00683200A7BEFF /* OPInternetMessageAttachmentCell.h */,
				77B6C7650D00683200A7BEFF /* OPInternetMessageAttachmentCell.m */,
				77B6C76F0D00687200A7BEFF /* NSObject+Extensions.h */,
				77B6C7700D00687200A7BEFF /* NSObject+Extensions.m */,
				77B6C7810D006A4000A7BEFF /* NSScanner+Extensions.h */,
				77B6C7820D006A4000A7BEFF /* NSScanner+Extensions.m */,
				77B6C7930D006AF000A7BEFF /* NSData+OPMD5.h */,
				77B6C7940D006AF000A7BEFF /* NSData+OPMD5.m */,
				77B6C7E20D00746C00A7BEFF /* NSApplication+OPExtensions.h */,
				77B6C7E30D00746C00A7BEFF /* NSApplication+OPExtensions.m */,
				77B6C8150D00761E00A7BEFF /* EDObjcRuntime.h */,
				77B6C65B0D00554D00A7BEFF /* utilities.h */,
			);
			name = Common;
			sourceTree = "<group>";
		};
		77B6C9860D01A2C200A7BEFF /* Test Resources */ = {
			isa = PBXGroup;
			children = (
				777B061A0D0320C80080B76F /* MailIcon_queue.tiff */,
				77B6C9990D01A37000A7BEFF /* multipartAlternativeTest-mbox.txt */,
				77B6C99A0D01A37000A7BEFF /* TestAppleDouble.transferData */,
				77B6C99B0D01A37000A7BEFF /* TestMIMEBoundaries.transferData */,
			);
			path = "Test Resources";
			sourceTree = "<group>";
		};
/* End PBXGroup section */

/* Begin PBXHeadersBuildPhase section */
		77B6C5890D0053AE00A7BEFF /* Headers */ = {
			isa = PBXHeadersBuildPhase;
			buildActionMask = 2147483647;
			files = (
				77B6C5FC0D00546B00A7BEFF /* EDCompositeContentCoder.h in Headers */,
				77B6C5FE0D00546B00A7BEFF /* EDContentCoder.h in Headers */,
				77B6C6000D00546B00A7BEFF /* EDDateFieldCoder.h in Headers */,
				77B6C6020D00546B00A7BEFF /* EDEntityFieldCoder.h in Headers */,
				77B6C6040D00546B00A7BEFF /* EDHeaderBearingObject.h in Headers */,
				77B6C6060D00546B00A7BEFF /* EDHeaderFieldCoder.h in Headers */,
				77B6C6080D00546B00A7BEFF /* EDIdListFieldCoder.h in Headers */,
				77B6C60A0D00546B00A7BEFF /* EDMessagePart+OPExtensions.h in Headers */,
				77B6C60C0D00546B00A7BEFF /* EDMessagePart.h in Headers */,
				77B6C60E0D00546B00A7BEFF /* EDPlainTextContentCoder.h in Headers */,
				77B6C6100D00546B00A7BEFF /* EDTextContentCoder.h in Headers */,
				77B6C6120D00546B00A7BEFF /* EDTextFieldCoder.h in Headers */,
				77B6C6140D00546B00A7BEFF /* NSAttributedString+MessageUtils.h in Headers */,
				77B6C6160D00546B00A7BEFF /* NSCalendarDate+NetExt.h in Headers */,
				77B6C6180D00546B00A7BEFF /* NSCharacterSet+MIME.h in Headers */,
				77B6C61A0D00546B00A7BEFF /* NSData+MessageUtils.h in Headers */,
				77B6C61C0D00546B00A7BEFF /* NSFileWrapper+OPApplefileExtensions.h in Headers */,
				77B6C61E0D00546B00A7BEFF /* NSString+MessageUtils.h in Headers */,
				77B6C6200D00546B00A7BEFF /* OPAppleDoubleContentCoder.h in Headers */,
				77B6C6220D00546B00A7BEFF /* OPApplefileContentCoder.h in Headers */,
				77B6C62A0D00548100A7BEFF /* OPInternetMessage+GinkoExtensions.h in Headers */,
				77B6C62C0D00548100A7BEFF /* OPInternetMessage.h in Headers */,
				77B6C62E0D00548100A7BEFF /* OPMBoxFile.h in Headers */,
				77B6C63E0D00548C00A7BEFF /* OPMultimediaContentCoder.h in Headers */,
				77B6C6400D00548C00A7BEFF /* OPMultipartContentCoder.h in Headers */,
				77B6C6420D00548C00A7BEFF /* OPPOP3Session.h in Headers */,
				77B6C6440D00548C00A7BEFF /* OPSMTP.h in Headers */,
				77B6C6460D00548C00A7BEFF /* OPSMTP+InternetMessage.h in Headers */,
				77B6C6480D00548C00A7BEFF /* OPURLFieldCoder.h in Headers */,
				77B6C64A0D00548C00A7BEFF /* OPXFolderContentCoder.h in Headers */,
				77B6C64E0D00549A00A7BEFF /* OPSASL.h in Headers */,
				77B6C6720D0056CE00A7BEFF /* NSString+Extensions.h in Headers */,
				77B6C71F0D00653A00A7BEFF /* NSString+OPHTMLTools.h in Headers */,
				77B6C7440D00669400A7BEFF /* NSAttributedString+Extensions.h in Headers */,
				77B6C7480D00669F00A7BEFF /* NSArray+Extensions.h in Headers */,
				77B6C75C0D0067F000A7BEFF /* NSData+Extensions.h in Headers */,
				77B6C7660D00683200A7BEFF /* OPInternetMessageAttachmentCell.h in Headers */,
				77B6C7710D00687200A7BEFF /* NSObject+Extensions.h in Headers */,
				77B6C7830D006A4000A7BEFF /* NSScanner+Extensions.h in Headers */,
				77B6C7950D006AF000A7BEFF /* NSData+OPMD5.h in Headers */,
				77B6C7E40D00746C00A7BEFF /* NSApplication+OPExtensions.h in Headers */,
				77B6C8160D00761E00A7BEFF /* EDObjcRuntime.h in Headers */,
			);
			runOnlyForDeploymentPostprocessing = 0;
		};
/* End PBXHeadersBuildPhase section */

/* Begin PBXNativeTarget section */
		77B6C58D0D0053AE00A7BEFF /* InternetMessage */ = {
			isa = PBXNativeTarget;
			buildConfigurationList = 77B6C5930D0053AF00A7BEFF /* Build configuration list for PBXNativeTarget "InternetMessage" */;
			buildPhases = (
				77B6C5890D0053AE00A7BEFF /* Headers */,
				77B6C58A0D0053AE00A7BEFF /* Resources */,
				77B6C58B0D0053AE00A7BEFF /* Sources */,
				77B6C58C0D0053AE00A7BEFF /* Frameworks */,
			);
			buildRules = (
			);
			dependencies = (
			);
			name = InternetMessage;
			productName = InternetMessage;
			productReference = 777B05CB0D031DE40080B76F /* InternetMessage.framework */;
			productType = "com.apple.product-type.framework";
		};
		77B6C8930D008D7C00A7BEFF /* InternetMessageTest */ = {
			isa = PBXNativeTarget;
			buildConfigurationList = 77B6C8990D008D7D00A7BEFF /* Build configuration list for PBXNativeTarget "InternetMessageTest" */;
			buildPhases = (
				77B6C88F0D008D7C00A7BEFF /* Resources */,
				77B6C8900D008D7C00A7BEFF /* Sources */,
				77B6C8910D008D7C00A7BEFF /* Frameworks */,
				77B6C8920D008D7C00A7BEFF /* ShellScript */,
			);
			buildRules = (
			);
			dependencies = (
				77B6C91B0D0094DF00A7BEFF /* PBXTargetDependency */,
			);
			name = InternetMessageTest;
			productName = InternetMessageTest;
			productReference = 77B6C8940D008D7C00A7BEFF /* InternetMessageTest.octest */;
			productType = "com.apple.product-type.bundle";
		};
		77E5676C0D0702670016594D /* GinaSpotlight */ = {
			isa = PBXNativeTarget;
			buildConfigurationList = 77E567710D0702680016594D /* Build configuration list for PBXNativeTarget "GinaSpotlight" */;
			buildPhases = (
				77E567690D0702670016594D /* Resources */,
				77E5676A0D0702670016594D /* Sources */,
				77E5676B0D0702670016594D /* Frameworks */,
			);
			buildRules = (
			);
			dependencies = (
			);
			name = GinaSpotlight;
			productName = GinaSpotlight;
			productReference = 77E5676D0D0702670016594D /* GinaSpotlight.mdimporter */;
			productType = "com.apple.product-type.bundle";
		};
		8D1107260486CEB800E47090 /* Gina */ = {
			isa = PBXNativeTarget;
			buildConfigurationList = C01FCF4A08A954540054247B /* Build configuration list for PBXNativeTarget "Gina" */;
			buildPhases = (
				8D1107290486CEB800E47090 /* Resources */,
				8D11072C0486CEB800E47090 /* Sources */,
				8D11072E0486CEB800E47090 /* Frameworks */,
				77B6CA9D0D01B66600A7BEFF /* Copy Frameworks */,
			);
			buildRules = (
			);
			dependencies = (
				77B6C5950D00540100A7BEFF /* PBXTargetDependency */,
			);
			name = Gina;
			productInstallPath = "$(HOME)/Applications";
			productName = Gina;
			productReference = 8D1107320486CEB800E47090 /* Gina.app */;
			productType = "com.apple.product-type.application";
		};
/* End PBXNativeTarget section */

/* Begin PBXProject section */
		29B97313FDCFA39411CA2CEA /* Project object */ = {
			isa = PBXProject;
			buildConfigurationList = C01FCF4E08A954540054247B /* Build configuration list for PBXProject "Gina" */;
			compatibilityVersion = "Xcode 3.0";
			hasScannedForEncodings = 1;
			mainGroup = 29B97314FDCFA39411CA2CEA /* Gina */;
			projectDirPath = "";
			projectRoot = "";
			targets = (
				8D1107260486CEB800E47090 /* Gina */,
				77E5676C0D0702670016594D /* GinaSpotlight */,
				77B6C58D0D0053AE00A7BEFF /* InternetMessage */,
				77B6C8930D008D7C00A7BEFF /* InternetMessageTest */,
			);
		};
/* End PBXProject section */

/* Begin PBXResourcesBuildPhase section */
		77B6C58A0D0053AE00A7BEFF /* Resources */ = {
			isa = PBXResourcesBuildPhase;
			buildActionMask = 2147483647;
			files = (
				7761D9D00D0300E50044E65A /* MIME.plist in Resources */,
			);
			runOnlyForDeploymentPostprocessing = 0;
		};
		77B6C88F0D008D7C00A7BEFF /* Resources */ = {
			isa = PBXResourcesBuildPhase;
			buildActionMask = 2147483647;
			files = (
				77B6C99C0D01A37000A7BEFF /* multipartAlternativeTest-mbox.txt in Resources */,
				77B6C99D0D01A37000A7BEFF /* TestAppleDouble.transferData in Resources */,
				77B6C99E0D01A37000A7BEFF /* TestMIMEBoundaries.transferData in Resources */,
				777B061B0D0320C80080B76F /* MailIcon_queue.tiff in Resources */,
			);
			runOnlyForDeploymentPostprocessing = 0;
		};
		77E567690D0702670016594D /* Resources */ = {
			isa = PBXResourcesBuildPhase;
			buildActionMask = 2147483647;
			files = (
				778078000D0705F70091F21D /* schema.xml in Resources */,
				778078040D07065C0091F21D /* schema.strings in Resources */,
			);
			runOnlyForDeploymentPostprocessing = 0;
		};
		8D1107290486CEB800E47090 /* Resources */ = {
			isa = PBXResourcesBuildPhase;
			buildActionMask = 2147483647;
			files = (
				8D11072A0486CEB800E47090 /* MainMenu.nib in Resources */,
				8D11072B0486CEB800E47090 /* InfoPlist.strings in Resources */,
				7708F07B0D0DB6CA008A4A2B /* ActivePrefPanes.plist in Resources */,
				7708F11D0D0E8DDA008A4A2B /* DefaultEmailApp.xib in Resources */,
				7713AB4D0D0E97A300CBEC7B /* Localizable.strings in Resources */,
				7713AB530D0E983200CBEC7B /* GIGeneralPrefs.xib in Resources */,
				77C3BD030D103F860003634C /* Gina.icns in Resources */,
				77C3BD040D103F860003634C /* Gina.tiff in Resources */,
			);
			runOnlyForDeploymentPostprocessing = 0;
		};
/* End PBXResourcesBuildPhase section */

/* Begin PBXShellScriptBuildPhase section */
		77B6C8920D008D7C00A7BEFF /* ShellScript */ = {
			isa = PBXShellScriptBuildPhase;
			buildActionMask = 2147483647;
			files = (
			);
			inputPaths = (
			);
			outputPaths = (
			);
			runOnlyForDeploymentPostprocessing = 0;
			shellPath = /bin/sh;
			shellScript = "# Run the unit tests in this test bundle.\n\"${SYSTEM_DEVELOPER_DIR}/Tools/RunUnitTests\"\n";
		};
/* End PBXShellScriptBuildPhase section */

/* Begin PBXSourcesBuildPhase section */
		77B6C58B0D0053AE00A7BEFF /* Sources */ = {
			isa = PBXSourcesBuildPhase;
			buildActionMask = 2147483647;
			files = (
				77B6C5FD0D00546B00A7BEFF /* EDCompositeContentCoder.m in Sources */,
				77B6C5FF0D00546B00A7BEFF /* EDContentCoder.m in Sources */,
				77B6C6010D00546B00A7BEFF /* EDDateFieldCoder.m in Sources */,
				77B6C6030D00546B00A7BEFF /* EDEntityFieldCoder.m in Sources */,
				77B6C6050D00546B00A7BEFF /* EDHeaderBearingObject.m in Sources */,
				77B6C6070D00546B00A7BEFF /* EDHeaderFieldCoder.m in Sources */,
				77B6C6090D00546B00A7BEFF /* EDIdListFieldCoder.m in Sources */,
				77B6C60B0D00546B00A7BEFF /* EDMessagePart+OPExtensions.m in Sources */,
				77B6C60D0D00546B00A7BEFF /* EDMessagePart.m in Sources */,
				77B6C60F0D00546B00A7BEFF /* EDPlainTextContentCoder.m in Sources */,
				77B6C6110D00546B00A7BEFF /* EDTextContentCoder.m in Sources */,
				77B6C6130D00546B00A7BEFF /* EDTextFieldCoder.m in Sources */,
				77B6C6150D00546B00A7BEFF /* NSAttributedString+MessageUtils.m in Sources */,
				77B6C6170D00546B00A7BEFF /* NSCalendarDate+NetExt.m in Sources */,
				77B6C6190D00546B00A7BEFF /* NSCharacterSet+MIME.m in Sources */,
				77B6C61B0D00546B00A7BEFF /* NSData+MessageUtils.m in Sources */,
				77B6C61D0D00546B00A7BEFF /* NSFileWrapper+OPApplefileExtensions.m in Sources */,
				77B6C61F0D00546B00A7BEFF /* NSString+MessageUtils.m in Sources */,
				77B6C6210D00546B00A7BEFF /* OPAppleDoubleContentCoder.m in Sources */,
				77B6C6230D00546B00A7BEFF /* OPApplefileContentCoder.m in Sources */,
				77B6C62B0D00548100A7BEFF /* OPInternetMessage+GinkoExtensions.m in Sources */,
				77B6C62D0D00548100A7BEFF /* OPInternetMessage.m in Sources */,
				77B6C62F0D00548100A7BEFF /* OPMBoxFile.m in Sources */,
				77B6C63F0D00548C00A7BEFF /* OPMultimediaContentCoder.m in Sources */,
				77B6C6410D00548C00A7BEFF /* OPMultipartContentCoder.m in Sources */,
				77B6C6430D00548C00A7BEFF /* OPPOP3Session.m in Sources */,
				77B6C6450D00548C00A7BEFF /* OPSMTP.m in Sources */,
				77B6C6470D00548C00A7BEFF /* OPSMTP+InternetMessage.m in Sources */,
				77B6C6490D00548C00A7BEFF /* OPURLFieldCoder.m in Sources */,
				77B6C64B0D00548C00A7BEFF /* OPXFolderContentCoder.m in Sources */,
				77B6C64F0D00549A00A7BEFF /* OPSASL.m in Sources */,
				77B6C6730D0056CE00A7BEFF /* NSString+Extensions.m in Sources */,
				77B6C7200D00653A00A7BEFF /* NSString+OPHTMLTools.m in Sources */,
				77B6C7450D00669400A7BEFF /* NSAttributedString+Extensions.m in Sources */,
				77B6C7490D00669F00A7BEFF /* NSArray+Extensions.m in Sources */,
				77B6C75D0D0067F000A7BEFF /* NSData+Extensions.m in Sources */,
				77B6C7670D00683200A7BEFF /* OPInternetMessageAttachmentCell.m in Sources */,
				77B6C7720D00687200A7BEFF /* NSObject+Extensions.m in Sources */,
				77B6C7840D006A4000A7BEFF /* NSScanner+Extensions.m in Sources */,
				77B6C7960D006AF000A7BEFF /* NSData+OPMD5.m in Sources */,
				77B6C7E50D00746C00A7BEFF /* NSApplication+OPExtensions.m in Sources */,
			);
			runOnlyForDeploymentPostprocessing = 0;
		};
		77B6C8900D008D7C00A7BEFF /* Sources */ = {
			isa = PBXSourcesBuildPhase;
			buildActionMask = 2147483647;
			files = (
				77B6C9310D019BF400A7BEFF /* TestNSString+MessageUtils.m in Sources */,
				77B6C97E0D01A25900A7BEFF /* TestNSData+MessageUtils.m in Sources */,
				7761D9AE0D02FF040044E65A /* TestEDTextFieldCoder.m in Sources */,
				7761D9B30D02FF170044E65A /* TestOPMultimediaContentCoder.m in Sources */,
				7761D9BF0D02FF6E0044E65A /* TestEDCompositeContentCoder.m in Sources */,
				7761DADA0D0318D60044E65A /* TestOPAppleDoubleContentCoder.m in Sources */,
				77DB2A120D03537500F23C06 /* TestOPMultipartContentCoder.m in Sources */,
				77DB2A4A0D03569F00F23C06 /* TestOPSMTP.m in Sources */,
				7702EC870D04773F00D0D506 /* TestOPXFolderContentCoder.m in Sources */,
			);
			runOnlyForDeploymentPostprocessing = 0;
		};
		77E5676A0D0702670016594D /* Sources */ = {
			isa = PBXSourcesBuildPhase;
			buildActionMask = 2147483647;
			files = (
				778078390D070AAA0091F21D /* main.c in Sources */,
				7780783B0D070AC50091F21D /* GetMetadataForFile.c in Sources */,
			);
			runOnlyForDeploymentPostprocessing = 0;
		};
		8D11072C0486CEB800E47090 /* Sources */ = {
			isa = PBXSourcesBuildPhase;
			buildActionMask = 2147483647;
			files = (
				8D11072D0486CEB800E47090 /* main.m in Sources */,
				775C31310D0D46280098DA07 /* GIApplication.m in Sources */,
				7708F0C10D0DB8CD008A4A2B /* GIGeneralPrefs.m in Sources */,
				7708F0D30D0DB9AE008A4A2B /* GIUserDefaultsKeys.m in Sources */,
			);
			runOnlyForDeploymentPostprocessing = 0;
		};
/* End PBXSourcesBuildPhase section */

/* Begin PBXTargetDependency section */
		77B6C5950D00540100A7BEFF /* PBXTargetDependency */ = {
			isa = PBXTargetDependency;
			target = 77B6C58D0D0053AE00A7BEFF /* InternetMessage */;
			targetProxy = 77B6C5940D00540100A7BEFF /* PBXContainerItemProxy */;
		};
		77B6C91B0D0094DF00A7BEFF /* PBXTargetDependency */ = {
			isa = PBXTargetDependency;
			target = 77B6C58D0D0053AE00A7BEFF /* InternetMessage */;
			targetProxy = 77B6C91A0D0094DF00A7BEFF /* PBXContainerItemProxy */;
		};
/* End PBXTargetDependency section */

/* Begin PBXVariantGroup section */
		089C165CFE840E0CC02AAC07 /* InfoPlist.strings */ = {
			isa = PBXVariantGroup;
			children = (
				089C165DFE840E0CC02AAC07 /* English */,
			);
			name = InfoPlist.strings;
			sourceTree = "<group>";
		};
		29B97318FDCFA39411CA2CEA /* MainMenu.nib */ = {
			isa = PBXVariantGroup;
			children = (
				29B97319FDCFA39411CA2CEA /* English */,
			);
			name = MainMenu.nib;
			sourceTree = "<group>";
		};
		778078020D07065C0091F21D /* schema.strings */ = {
			isa = PBXVariantGroup;
			children = (
				778078030D07065C0091F21D /* English */,
			);
			name = schema.strings;
			sourceTree = "<group>";
		};
/* End PBXVariantGroup section */

/* Begin XCBuildConfiguration section */
		77B6C5910D0053AE00A7BEFF /* Debug */ = {
			isa = XCBuildConfiguration;
			buildSettings = {
				COPY_PHASE_STRIP = NO;
				DYLIB_COMPATIBILITY_VERSION = 1;
				DYLIB_CURRENT_VERSION = 1;
				FRAMEWORK_SEARCH_PATHS = (
					"$(inherited)",
					"\"$(SRCROOT)/../OPNetwork/build/Release (@rpath)\"",
					"\"$(SRCROOT)/../GPGME-1.0.2/build/EmbDeployment (@rpath)\"",
					"\"$(SRCROOT)/build/Debug\"",
				);
				FRAMEWORK_VERSION = A;
				GCC_DYNAMIC_NO_PIC = NO;
				GCC_ENABLE_FIX_AND_CONTINUE = YES;
				GCC_MODEL_TUNING = G5;
				GCC_OPTIMIZATION_LEVEL = 0;
				GCC_PRECOMPILE_PREFIX_HEADER = YES;
				GCC_PREFIX_HEADER = "$(SYSTEM_LIBRARY_DIR)/Frameworks/Carbon.framework/Headers/Carbon.h";
				INFOPLIST_FILE = "InternetMessage-Info.plist";
				INSTALL_PATH = "$(HOME)/Library/Frameworks";
				LD_DYLIB_INSTALL_NAME = "@rpath/InternetMessage.framework/Versions/A/InternetMessage";
				OTHER_LDFLAGS = (
					"-framework",
					Carbon,
				);
				PREBINDING = NO;
				PRODUCT_NAME = InternetMessage;
				ZERO_LINK = YES;
			};
			name = Debug;
		};
		77B6C5920D0053AE00A7BEFF /* Release */ = {
			isa = XCBuildConfiguration;
			buildSettings = {
				COPY_PHASE_STRIP = YES;
				DEBUG_INFORMATION_FORMAT = "dwarf-with-dsym";
				DYLIB_COMPATIBILITY_VERSION = 1;
				DYLIB_CURRENT_VERSION = 1;
				FRAMEWORK_SEARCH_PATHS = (
					"$(inherited)",
					"\"$(SRCROOT)/Resources\"",
					"\"$(SRCROOT)/../OPNetwork/build/Release\"",
					"\"$(SRCROOT)/../OPNetwork/build/Debug (non embedded)\"",
					"\"$(SRCROOT)/../OPNetwork/build/Release (@rpath)\"",
					"\"$(SRCROOT)/../GPGME-1.0.2/build/EmbDeployment (@rpath)\"",
					"\"$(SRCROOT)/build/Debug\"",
				);
				FRAMEWORK_VERSION = A;
				GCC_ENABLE_FIX_AND_CONTINUE = NO;
				GCC_MODEL_TUNING = G5;
				GCC_PRECOMPILE_PREFIX_HEADER = YES;
				GCC_PREFIX_HEADER = "$(SYSTEM_LIBRARY_DIR)/Frameworks/Carbon.framework/Headers/Carbon.h";
				INFOPLIST_FILE = "InternetMessage-Info.plist";
				INSTALL_PATH = "$(HOME)/Library/Frameworks";
				LD_DYLIB_INSTALL_NAME = "@rpath/InternetMessage.framework/Versions/A/InternetMessage";
				OTHER_LDFLAGS = (
					"-framework",
					Carbon,
				);
				PREBINDING = NO;
				PRODUCT_NAME = InternetMessage;
				ZERO_LINK = NO;
			};
			name = Release;
		};
		77B6C8970D008D7D00A7BEFF /* Debug */ = {
			isa = XCBuildConfiguration;
			buildSettings = {
				BUNDLE_LOADER = "$(BUILT_PRODUCTS_DIR)/InternetMessage.framework/Versions/A/InternetMessage";
				COPY_PHASE_STRIP = NO;
				FRAMEWORK_SEARCH_PATHS = (
					"$(BUILT_PRODUCTS_DIR)",
					"$(DEVELOPER_LIBRARY_DIR)/Frameworks",
					"\"$(SRCROOT)/../OPNetwork/build/Release (@rpath)\"",
				);
				GCC_DYNAMIC_NO_PIC = NO;
				GCC_ENABLE_FIX_AND_CONTINUE = NO;
				GCC_ENABLE_OBJC_EXCEPTIONS = YES;
				GCC_MODEL_TUNING = G5;
				GCC_OPTIMIZATION_LEVEL = 0;
				GCC_PRECOMPILE_PREFIX_HEADER = YES;
				GCC_PREFIX_HEADER = "$(SYSTEM_LIBRARY_DIR)/Frameworks/Cocoa.framework/Headers/Cocoa.h";
				INFOPLIST_FILE = "InternetMessageTest-Info.plist";
				INSTALL_PATH = "$(USER_LIBRARY_DIR)/Bundles";
				LD_RUNPATH_SEARCH_PATHS = "$(BUILT_PRODUCTS_DIR) \"$(SRCROOT)/../GPGME-1.0.2/build/EmbDeployment (@rpath)\" \"$(SRCROOT)/../OPNetwork/build/Release (@rpath)\"";
				OTHER_LDFLAGS = (
					"-framework",
					Cocoa,
					"-framework",
					SenTestingKit,
					"-framework",
					OPNetwork,
					"-framework",
					InternetMessage,
				);
				PREBINDING = NO;
				PRODUCT_NAME = InternetMessageTest;
				WRAPPER_EXTENSION = octest;
			};
			name = Debug;
		};
		77B6C8980D008D7D00A7BEFF /* Release */ = {
			isa = XCBuildConfiguration;
			buildSettings = {
				BUNDLE_LOADER = $BUILT_PRODUCTS_DIR/InternetMessage.framework/InternetMessage;
				COPY_PHASE_STRIP = YES;
				DEBUG_INFORMATION_FORMAT = "dwarf-with-dsym";
				FRAMEWORK_SEARCH_PATHS = (
					"$(DEVELOPER_LIBRARY_DIR)/Frameworks",
					"\"$(SRCROOT)/../OPNetwork/build/Release\"",
					"\"$(SRCROOT)/Resources\"",
					"\"$(SRCROOT)/../OPNetwork/build/Release (@rpath)\"",
					"\"$(SRCROOT)/../GPGME-1.0.2/build/EmbDeployment (@rpath)\"",
					"\"$(SRCROOT)/build/Debug\"",
				);
				GCC_ENABLE_FIX_AND_CONTINUE = NO;
				GCC_ENABLE_OBJC_EXCEPTIONS = YES;
				GCC_MODEL_TUNING = G5;
				GCC_PRECOMPILE_PREFIX_HEADER = YES;
				GCC_PREFIX_HEADER = "$(SYSTEM_LIBRARY_DIR)/Frameworks/Cocoa.framework/Headers/Cocoa.h";
				INFOPLIST_FILE = "InternetMessageTest-Info.plist";
				INSTALL_PATH = "$(USER_LIBRARY_DIR)/Bundles";
				OTHER_LDFLAGS = (
					"-framework",
					Cocoa,
					"-framework",
					SenTestingKit,
				);
				PREBINDING = NO;
				PRODUCT_NAME = InternetMessageTest;
				WRAPPER_EXTENSION = octest;
				ZERO_LINK = NO;
			};
			name = Release;
		};
		77E5676F0D0702670016594D /* Debug */ = {
			isa = XCBuildConfiguration;
			buildSettings = {
				COPY_PHASE_STRIP = NO;
				GCC_DYNAMIC_NO_PIC = NO;
				GCC_ENABLE_FIX_AND_CONTINUE = YES;
				GCC_ENABLE_SYMBOL_SEPARATION = NO;
				GCC_MODEL_TUNING = G5;
				GCC_OPTIMIZATION_LEVEL = 0;
				GCC_PRECOMPILE_PREFIX_HEADER = NO;
				GCC_PREFIX_HEADER = "";
				INFOPLIST_FILE = "GinaSpotlight-Info.plist";
				INSTALL_PATH = /Library/Spotlight;
				OTHER_LDFLAGS = "";
				PREBINDING = YES;
				PRODUCT_NAME = GinaSpotlight;
				SDKROOT = "$(DEVELOPER_SDK_DIR)/MacOSX10.5.sdk";
				WRAPPER_EXTENSION = mdimporter;
				ZERO_LINK = NO;
			};
			name = Debug;
		};
		77E567700D0702670016594D /* Release */ = {
			isa = XCBuildConfiguration;
			buildSettings = {
				COPY_PHASE_STRIP = YES;
				DEBUG_INFORMATION_FORMAT = "dwarf-with-dsym";
				GCC_ENABLE_FIX_AND_CONTINUE = NO;
				GCC_MODEL_TUNING = G5;
				GCC_PRECOMPILE_PREFIX_HEADER = YES;
				GCC_PREFIX_HEADER = "";
				INFOPLIST_FILE = "GinaSpotlight-Info.plist";
				INSTALL_PATH = "$(HOME)/Library/Bundles";
				OTHER_LDFLAGS = (
					"-framework",
					Foundation,
					"-framework",
					AppKit,
				);
				PREBINDING = NO;
				PRODUCT_NAME = GinaSpotlight;
				WRAPPER_EXTENSION = bundle;
				ZERO_LINK = NO;
			};
			name = Release;
		};
		C01FCF4B08A954540054247B /* Debug */ = {
			isa = XCBuildConfiguration;
			buildSettings = {
				COPY_PHASE_STRIP = NO;
				FRAMEWORK_SEARCH_PATHS = (
					"$(inherited)",
					"\"$(SRCROOT)/../OPNetwork/build/Release\"",
					"\"$(SRCROOT)/../OPNetwork/build/Release (@rpath)\"",
					"\"$(SRCROOT)/../GPGME-1.0.2/build/EmbDeployment (@rpath)\"",
					"\"$(SRCROOT)/build/Debug\"",
					"\"$(SRCROOT)/../OPPreferences/build/Release (@rpath)\"",
				);
				GCC_DYNAMIC_NO_PIC = NO;
				GCC_ENABLE_FIX_AND_CONTINUE = YES;
				GCC_MODEL_TUNING = G5;
				GCC_OPTIMIZATION_LEVEL = 0;
				GCC_PRECOMPILE_PREFIX_HEADER = YES;
				GCC_PREFIX_HEADER = Gina_Prefix.pch;
				INFOPLIST_FILE = Resources/Info.plist;
				INSTALL_PATH = "$(HOME)/Applications";
				PRODUCT_NAME = Gina;
				WRAPPER_EXTENSION = app;
				ZERO_LINK = YES;
			};
			name = Debug;
		};
		C01FCF4C08A954540054247B /* Release */ = {
			isa = XCBuildConfiguration;
			buildSettings = {
				DEBUG_INFORMATION_FORMAT = "dwarf-with-dsym";
				FRAMEWORK_SEARCH_PATHS = (
					"$(inherited)",
					"\"$(SRCROOT)/../OPNetwork/build/Release\"",
					"\"$(SRCROOT)/../OPNetwork/build/Release (@rpath)\"",
					"\"$(SRCROOT)/../GPGME-1.0.2/build/EmbDeployment (@rpath)\"",
					"\"$(SRCROOT)/build/Debug\"",
					"\"$(SRCROOT)/../OPPreferences/build/Release (@rpath)\"",
				);
				GCC_MODEL_TUNING = G5;
				GCC_PRECOMPILE_PREFIX_HEADER = YES;
				GCC_PREFIX_HEADER = Gina_Prefix.pch;
				INFOPLIST_FILE = Resources/Info.plist;
				INSTALL_PATH = "$(HOME)/Applications";
				PRODUCT_NAME = Gina;
				WRAPPER_EXTENSION = app;
			};
			name = Release;
		};
		C01FCF4F08A954540054247B /* Debug */ = {
			isa = XCBuildConfiguration;
			buildSettings = {
				GCC_C_LANGUAGE_STANDARD = gnu99;
				GCC_WARN_ABOUT_RETURN_TYPE = YES;
				GCC_WARN_UNUSED_VARIABLE = YES;
				LD_RUNPATH_SEARCH_PATHS = "@executable_path/../Frameworks \"$(SRCROOT)/../GPGME-1.0.2/build/EmbDeployment (@rpath)\" \"$(SRCROOT)/../OPNetwork/build/Release (@rpath)\" \"$(SRCROOT)/../OPPreferences/build/Release (@rpath)\"";
				PREBINDING = NO;
				SDKROOT = "$(DEVELOPER_SDK_DIR)/MacOSX10.5.sdk";
				USER_HEADER_SEARCH_PATHS = /usr/include/libxml2;
			};
			name = Debug;
		};
		C01FCF5008A954540054247B /* Release */ = {
			isa = XCBuildConfiguration;
			buildSettings = {
				ARCHS = (
					ppc,
					i386,
				);
				GCC_C_LANGUAGE_STANDARD = gnu99;
				GCC_WARN_ABOUT_RETURN_TYPE = YES;
				GCC_WARN_UNUSED_VARIABLE = YES;
				LD_RUNPATH_SEARCH_PATHS = "@executable_path/../Frameworks \"$(SRCROOT)/../GPGME-1.0.2/build/EmbDeployment (@rpath)\" \"$(SRCROOT)/../OPNetwork/build/Release (@rpath)\" \"$(SRCROOT)/../OPPreferences/build/Release (@rpath)\"";
				PREBINDING = NO;
				SDKROOT = "$(DEVELOPER_SDK_DIR)/MacOSX10.5.sdk";
				USER_HEADER_SEARCH_PATHS = /usr/include/libxml2;
			};
			name = Release;
		};
/* End XCBuildConfiguration section */

/* Begin XCConfigurationList section */
		77B6C5930D0053AF00A7BEFF /* Build configuration list for PBXNativeTarget "InternetMessage" */ = {
			isa = XCConfigurationList;
			buildConfigurations = (
				77B6C5910D0053AE00A7BEFF /* Debug */,
				77B6C5920D0053AE00A7BEFF /* Release */,
			);
			defaultConfigurationIsVisible = 0;
			defaultConfigurationName = Release;
		};
		77B6C8990D008D7D00A7BEFF /* Build configuration list for PBXNativeTarget "InternetMessageTest" */ = {
			isa = XCConfigurationList;
			buildConfigurations = (
				77B6C8970D008D7D00A7BEFF /* Debug */,
				77B6C8980D008D7D00A7BEFF /* Release */,
			);
			defaultConfigurationIsVisible = 0;
			defaultConfigurationName = Release;
		};
		77E567710D0702680016594D /* Build configuration list for PBXNativeTarget "GinaSpotlight" */ = {
			isa = XCConfigurationList;
			buildConfigurations = (
				77E5676F0D0702670016594D /* Debug */,
				77E567700D0702670016594D /* Release */,
			);
			defaultConfigurationIsVisible = 0;
			defaultConfigurationName = Release;
		};
		C01FCF4A08A954540054247B /* Build configuration list for PBXNativeTarget "Gina" */ = {
			isa = XCConfigurationList;
			buildConfigurations = (
				C01FCF4B08A954540054247B /* Debug */,
				C01FCF4C08A954540054247B /* Release */,
			);
			defaultConfigurationIsVisible = 0;
			defaultConfigurationName = Release;
		};
		C01FCF4E08A954540054247B /* Build configuration list for PBXProject "Gina" */ = {
			isa = XCConfigurationList;
			buildConfigurations = (
				C01FCF4F08A954540054247B /* Debug */,
				C01FCF5008A954540054247B /* Release */,
			);
			defaultConfigurationIsVisible = 0;
			defaultConfigurationName = Release;
		};
/* End XCConfigurationList section */
	};
	rootObject = 29B97313FDCFA39411CA2CEA /* Project object */;
}
